PODS:
  - Proposer (1.2.1)
  - SideMenu (5.0.3)
  - TransitionButton (0.5.2)

DEPENDENCIES:
  - Proposer
  - SideMenu
  - TransitionButton

SPEC REPOS:
  https://github.com/cocoapods/specs.git:
    - Proposer
    - SideMenu
    - TransitionButton

SPEC CHECKSUMS:
  Proposer: 97409ade1f80d8b19bba20972c03c9253bdd59b1
  SideMenu: 1dcaabce84538c53325c287f7fe62999379a641c
  TransitionButton: fb271583d9c9e4bb116b97103047e5157653f233

PODFILE CHECKSUM: a640dcb76d85bbb71e79e4c30a2e0e1794900f46

COCOAPODS: 1.5.2
