// !$*UTF8*$!
{
	archiveVersion = 1;
	classes = {
	};
	objectVersion = 50;
	objects = {

/* Begin PBXBuildFile section */
		AA1B53C12196EEBB00941DF6 /* AppDelegate.swift in Sources */ = {isa = PBXBuildFile; fileRef = AA1B53C02196EEBB00941DF6 /* AppDelegate.swift */; };
		AA1B53C32196EEBB00941DF6 /* ViewController.swift in Sources */ = {isa = PBXBuildFile; fileRef = AA1B53C22196EEBB00941DF6 /* ViewController.swift */; };
		AA1B53C62196EEBB00941DF6 /* Main.storyboard in Resources */ = {isa = PBXBuildFile; fileRef = AA1B53C42196EEBB00941DF6 /* Main.storyboard */; };
		AA1B53C82196EEBB00941DF6 /* Assets.xcassets in Resources */ = {isa = PBXBuildFile; fileRef = AA1B53C72196EEBB00941DF6 /* Assets.xcassets */; };
		AA1B53CB2196EEBB00941DF6 /* LaunchScreen.storyboard in Resources */ = {isa = PBXBuildFile; fileRef = AA1B53C92196EEBB00941DF6 /* LaunchScreen.storyboard */; };
		AA1B53D62196EEBB00941DF6 /* NitroTests.swift in Sources */ = {isa = PBXBuildFile; fileRef = AA1B53D52196EEBB00941DF6 /* NitroTests.swift */; };
		AA1B53E12196EEBB00941DF6 /* NitroUITests.swift in Sources */ = {isa = PBXBuildFile; fileRef = AA1B53E02196EEBB00941DF6 /* NitroUITests.swift */; };
		AA5907EE21A30B5200D8493F /* InfoAuflistung.swift in Sources */ = {isa = PBXBuildFile; fileRef = AA5907ED21A30B5200D8493F /* InfoAuflistung.swift */; };
		AA5907F021A30C1400D8493F /* InfoAusgabe.swift in Sources */ = {isa = PBXBuildFile; fileRef = AA5907EF21A30C1400D8493F /* InfoAusgabe.swift */; };
		AA5907F321A30DE200D8493F /* Noten.xcdatamodeld in Sources */ = {isa = PBXBuildFile; fileRef = AA5907F121A30DE200D8493F /* Noten.xcdatamodeld */; };
		AA5907F521A30F1C00D8493F /* Stickers.xcstickers in Resources */ = {isa = PBXBuildFile; fileRef = AA5907F421A30F1C00D8493F /* Stickers.xcstickers */; };
		AA5907F921A3147900D8493F /* MapKit.framework in Frameworks */ = {isa = PBXBuildFile; fileRef = AA5907F821A3147900D8493F /* MapKit.framework */; };
		AA8FE05F21A3310C0066338D /* LaunchController.swift in Sources */ = {isa = PBXBuildFile; fileRef = AA8FE05E21A3310C0066338D /* LaunchController.swift */; };
/* End PBXBuildFile section */

/* Begin PBXContainerItemProxy section */
		AA1B53D22196EEBB00941DF6 /* PBXContainerItemProxy */ = {
			isa = PBXContainerItemProxy;
			containerPortal = AA1B53B52196EEBA00941DF6 /* Project object */;
			proxyType = 1;
			remoteGlobalIDString = AA1B53BC2196EEBA00941DF6;
			remoteInfo = Nitro;
		};
		AA1B53DD2196EEBB00941DF6 /* PBXContainerItemProxy */ = {
			isa = PBXContainerItemProxy;
			containerPortal = AA1B53B52196EEBA00941DF6 /* Project object */;
			proxyType = 1;
			remoteGlobalIDString = AA1B53BC2196EEBA00941DF6;
			remoteInfo = Nitro;
		};
/* End PBXContainerItemProxy section */

/* Begin PBXFileReference section */
		AA1B53BD2196EEBB00941DF6 /* Nitro.app */ = {isa = PBXFileReference; explicitFileType = wrapper.application; includeInIndex = 0; path = Nitro.app; sourceTree = BUILT_PRODUCTS_DIR; };
		AA1B53C02196EEBB00941DF6 /* AppDelegate.swift */ = {isa = PBXFileReference; lastKnownFileType = sourcecode.swift; path = AppDelegate.swift; sourceTree = "<group>"; };
		AA1B53C22196EEBB00941DF6 /* ViewController.swift */ = {isa = PBXFileReference; lastKnownFileType = sourcecode.swift; path = ViewController.swift; sourceTree = "<group>"; };
		AA1B53C52196EEBB00941DF6 /* Base */ = {isa = PBXFileReference; lastKnownFileType = file.storyboard; name = Base; path = Base.lproj/Main.storyboard; sourceTree = "<group>"; };
		AA1B53C72196EEBB00941DF6 /* Assets.xcassets */ = {isa = PBXFileReference; lastKnownFileType = folder.assetcatalog; path = Assets.xcassets; sourceTree = "<group>"; };
		AA1B53CA2196EEBB00941DF6 /* Base */ = {isa = PBXFileReference; lastKnownFileType = file.storyboard; name = Base; path = Base.lproj/LaunchScreen.storyboard; sourceTree = "<group>"; };
		AA1B53CC2196EEBB00941DF6 /* Info.plist */ = {isa = PBXFileReference; lastKnownFileType = text.plist.xml; path = Info.plist; sourceTree = "<group>"; };
		AA1B53D12196EEBB00941DF6 /* NitroTests.xctest */ = {isa = PBXFileReference; explicitFileType = wrapper.cfbundle; includeInIndex = 0; path = NitroTests.xctest; sourceTree = BUILT_PRODUCTS_DIR; };
		AA1B53D52196EEBB00941DF6 /* NitroTests.swift */ = {isa = PBXFileReference; lastKnownFileType = sourcecode.swift; path = NitroTests.swift; sourceTree = "<group>"; };
		AA1B53D72196EEBB00941DF6 /* Info.plist */ = {isa = PBXFileReference; lastKnownFileType = text.plist.xml; path = Info.plist; sourceTree = "<group>"; };
		AA1B53DC2196EEBB00941DF6 /* NitroUITests.xctest */ = {isa = PBXFileReference; explicitFileType = wrapper.cfbundle; includeInIndex = 0; path = NitroUITests.xctest; sourceTree = BUILT_PRODUCTS_DIR; };
		AA1B53E02196EEBB00941DF6 /* NitroUITests.swift */ = {isa = PBXFileReference; lastKnownFileType = sourcecode.swift; path = NitroUITests.swift; sourceTree = "<group>"; };
		AA1B53E22196EEBB00941DF6 /* Info.plist */ = {isa = PBXFileReference; lastKnownFileType = text.plist.xml; path = Info.plist; sourceTree = "<group>"; };
		AA5907ED21A30B5200D8493F /* InfoAuflistung.swift */ = {isa = PBXFileReference; lastKnownFileType = sourcecode.swift; path = InfoAuflistung.swift; sourceTree = "<group>"; };
		AA5907EF21A30C1400D8493F /* InfoAusgabe.swift */ = {isa = PBXFileReference; lastKnownFileType = sourcecode.swift; path = InfoAusgabe.swift; sourceTree = "<group>"; };
		AA5907F221A30DE200D8493F /* Noten.xcdatamodel */ = {isa = PBXFileReference; lastKnownFileType = wrapper.xcdatamodel; path = Noten.xcdatamodel; sourceTree = "<group>"; };
		AA5907F421A30F1C00D8493F /* Stickers.xcstickers */ = {isa = PBXFileReference; lastKnownFileType = folder.stickers; path = Stickers.xcstickers; sourceTree = "<group>"; };
		AA5907F621A3141800D8493F /* Nitro.entitlements */ = {isa = PBXFileReference; lastKnownFileType = text.plist.entitlements; path = Nitro.entitlements; sourceTree = "<group>"; };
		AA5907F821A3147900D8493F /* MapKit.framework */ = {isa = PBXFileReference; lastKnownFileType = wrapper.framework; name = MapKit.framework; path = System/Library/Frameworks/MapKit.framework; sourceTree = SDKROOT; };
		AA8FE05E21A3310C0066338D /* LaunchController.swift */ = {isa = PBXFileReference; lastKnownFileType = sourcecode.swift; path = LaunchController.swift; sourceTree = "<group>"; };
/* End PBXFileReference section */

/* Begin PBXFrameworksBuildPhase section */
		AA1B53BA2196EEBA00941DF6 /* Frameworks */ = {
			isa = PBXFrameworksBuildPhase;
			buildActionMask = 2147483647;
			files = (
				AA5907F921A3147900D8493F /* MapKit.framework in Frameworks */,
			);
			runOnlyForDeploymentPostprocessing = 0;
		};
		AA1B53CE2196EEBB00941DF6 /* Frameworks */ = {
			isa = PBXFrameworksBuildPhase;
			buildActionMask = 2147483647;
			files = (
			);
			runOnlyForDeploymentPostprocessing = 0;
		};
		AA1B53D92196EEBB00941DF6 /* Frameworks */ = {
			isa = PBXFrameworksBuildPhase;
			buildActionMask = 2147483647;
			files = (
			);
			runOnlyForDeploymentPostprocessing = 0;
		};
/* End PBXFrameworksBuildPhase section */

/* Begin PBXGroup section */
		AA1B53B42196EEBA00941DF6 = {
			isa = PBXGroup;
			children = (
				AA1B53BF2196EEBB00941DF6 /* Nitro */,
				AA1B53D42196EEBB00941DF6 /* NitroTests */,
				AA1B53DF2196EEBB00941DF6 /* NitroUITests */,
				AA1B53BE2196EEBB00941DF6 /* Products */,
				AA5907F721A3147900D8493F /* Frameworks */,
			);
			sourceTree = "<group>";
		};
		AA1B53BE2196EEBB00941DF6 /* Products */ = {
			isa = PBXGroup;
			children = (
				AA1B53BD2196EEBB00941DF6 /* Nitro.app */,
				AA1B53D12196EEBB00941DF6 /* NitroTests.xctest */,
				AA1B53DC2196EEBB00941DF6 /* NitroUITests.xctest */,
			);
			name = Products;
			sourceTree = "<group>";
		};
		AA1B53BF2196EEBB00941DF6 /* Nitro */ = {
			isa = PBXGroup;
			children = (
				AA5907F621A3141800D8493F /* Nitro.entitlements */,
				AA1B53C02196EEBB00941DF6 /* AppDelegate.swift */,
				AA1B53C22196EEBB00941DF6 /* ViewController.swift */,
				AA5907F121A30DE200D8493F /* Noten.xcdatamodeld */,
				AA5907F421A30F1C00D8493F /* Stickers.xcstickers */,
				AA1B53C42196EEBB00941DF6 /* Main.storyboard */,
				AA8FE05E21A3310C0066338D /* LaunchController.swift */,
				AA5907ED21A30B5200D8493F /* InfoAuflistung.swift */,
				AA5907EF21A30C1400D8493F /* InfoAusgabe.swift */,
				AA1B53C72196EEBB00941DF6 /* Assets.xcassets */,
				AA1B53C92196EEBB00941DF6 /* LaunchScreen.storyboard */,
				AA1B53CC2196EEBB00941DF6 /* Info.plist */,
			);
			path = Nitro;
			sourceTree = "<group>";
		};
		AA1B53D42196EEBB00941DF6 /* NitroTests */ = {
			isa = PBXGroup;
			children = (
				AA1B53D52196EEBB00941DF6 /* NitroTests.swift */,
				AA1B53D72196EEBB00941DF6 /* Info.plist */,
			);
			path = NitroTests;
			sourceTree = "<group>";
		};
		AA1B53DF2196EEBB00941DF6 /* NitroUITests */ = {
			isa = PBXGroup;
			children = (
				AA1B53E02196EEBB00941DF6 /* NitroUITests.swift */,
				AA1B53E22196EEBB00941DF6 /* Info.plist */,
			);
			path = NitroUITests;
			sourceTree = "<group>";
		};
		AA5907F721A3147900D8493F /* Frameworks */ = {
			isa = PBXGroup;
			children = (
				AA5907F821A3147900D8493F /* MapKit.framework */,
			);
			name = Frameworks;
			sourceTree = "<group>";
		};
/* End PBXGroup section */

/* Begin PBXNativeTarget section */
		AA1B53BC2196EEBA00941DF6 /* Nitro */ = {
			isa = PBXNativeTarget;
			buildConfigurationList = AA1B53E52196EEBB00941DF6 /* Build configuration list for PBXNativeTarget "Nitro" */;
			buildPhases = (
				AA1B53B92196EEBA00941DF6 /* Sources */,
				AA1B53BA2196EEBA00941DF6 /* Frameworks */,
				AA1B53BB2196EEBA00941DF6 /* Resources */,
			);
			buildRules = (
			);
			dependencies = (
			);
			name = Nitro;
			productName = Nitro;
			productReference = AA1B53BD2196EEBB00941DF6 /* Nitro.app */;
			productType = "com.apple.product-type.application";
		};
		AA1B53D02196EEBB00941DF6 /* NitroTests */ = {
			isa = PBXNativeTarget;
			buildConfigurationList = AA1B53E82196EEBB00941DF6 /* Build configuration list for PBXNativeTarget "NitroTests" */;
			buildPhases = (
				AA1B53CD2196EEBB00941DF6 /* Sources */,
				AA1B53CE2196EEBB00941DF6 /* Frameworks */,
				AA1B53CF2196EEBB00941DF6 /* Resources */,
			);
			buildRules = (
			);
			dependencies = (
				AA1B53D32196EEBB00941DF6 /* PBXTargetDependency */,
			);
			name = NitroTests;
			productName = NitroTests;
			productReference = AA1B53D12196EEBB00941DF6 /* NitroTests.xctest */;
			productType = "com.apple.product-type.bundle.unit-test";
		};
		AA1B53DB2196EEBB00941DF6 /* NitroUITests */ = {
			isa = PBXNativeTarget;
			buildConfigurationList = AA1B53EB2196EEBB00941DF6 /* Build configuration list for PBXNativeTarget "NitroUITests" */;
			buildPhases = (
				AA1B53D82196EEBB00941DF6 /* Sources */,
				AA1B53D92196EEBB00941DF6 /* Frameworks */,
				AA1B53DA2196EEBB00941DF6 /* Resources */,
			);
			buildRules = (
			);
			dependencies = (
				AA1B53DE2196EEBB00941DF6 /* PBXTargetDependency */,
			);
			name = NitroUITests;
			productName = NitroUITests;
			productReference = AA1B53DC2196EEBB00941DF6 /* NitroUITests.xctest */;
			productType = "com.apple.product-type.bundle.ui-testing";
		};
/* End PBXNativeTarget section */

/* Begin PBXProject section */
		AA1B53B52196EEBA00941DF6 /* Project object */ = {
			isa = PBXProject;
			attributes = {
				LastSwiftUpdateCheck = 1010;
				LastUpgradeCheck = 1010;
				ORGANIZATIONNAME = "Christian Baltzer";
				TargetAttributes = {
					AA1B53BC2196EEBA00941DF6 = {
						CreatedOnToolsVersion = 10.1;
						SystemCapabilities = {
							com.apple.BackgroundModes = {
								enabled = 1;
							};
							com.apple.DataProtection = {
								enabled = 1;
							};
							com.apple.Maps.iOS = {
								enabled = 1;
							};
							com.apple.NearFieldCommunicationTagReading = {
								enabled = 1;
							};
							com.apple.Push = {
								enabled = 1;
							};
						};
					};
					AA1B53D02196EEBB00941DF6 = {
						CreatedOnToolsVersion = 10.1;
						TestTargetID = AA1B53BC2196EEBA00941DF6;
					};
					AA1B53DB2196EEBB00941DF6 = {
						CreatedOnToolsVersion = 10.1;
						TestTargetID = AA1B53BC2196EEBA00941DF6;
					};
				};
			};
			buildConfigurationList = AA1B53B82196EEBA00941DF6 /* Build configuration list for PBXProject "Nitro" */;
			compatibilityVersion = "Xcode 9.3";
			developmentRegion = en;
			hasScannedForEncodings = 0;
			knownRegions = (
				en,
				Base,
			);
			mainGroup = AA1B53B42196EEBA00941DF6;
			productRefGroup = AA1B53BE2196EEBB00941DF6 /* Products */;
			projectDirPath = "";
			projectRoot = "";
			targets = (
				AA1B53BC2196EEBA00941DF6 /* Nitro */,
				AA1B53D02196EEBB00941DF6 /* NitroTests */,
				AA1B53DB2196EEBB00941DF6 /* NitroUITests */,
			);
		};
/* End PBXProject section */

/* Begin PBXResourcesBuildPhase section */
		AA1B53BB2196EEBA00941DF6 /* Resources */ = {
			isa = PBXResourcesBuildPhase;
			buildActionMask = 2147483647;
			files = (
				AA5907F521A30F1C00D8493F /* Stickers.xcstickers in Resources */,
				AA1B53CB2196EEBB00941DF6 /* LaunchScreen.storyboard in Resources */,
				AA1B53C82196EEBB00941DF6 /* Assets.xcassets in Resources */,
				AA1B53C62196EEBB00941DF6 /* Main.storyboard in Resources */,
			);
			runOnlyForDeploymentPostprocessing = 0;
		};
		AA1B53CF2196EEBB00941DF6 /* Resources */ = {
			isa = PBXResourcesBuildPhase;
			buildActionMask = 2147483647;
			files = (
			);
			runOnlyForDeploymentPostprocessing = 0;
		};
		AA1B53DA2196EEBB00941DF6 /* Resources */ = {
			isa = PBXResourcesBuildPhase;
			buildActionMask = 2147483647;
			files = (
			);
			runOnlyForDeploymentPostprocessing = 0;
		};
/* End PBXResourcesBuildPhase section */

/* Begin PBXSourcesBuildPhase section */
		AA1B53B92196EEBA00941DF6 /* Sources */ = {
			isa = PBXSourcesBuildPhase;
			buildActionMask = 2147483647;
			files = (
				AA5907F021A30C1400D8493F /* InfoAusgabe.swift in Sources */,
				AA5907F321A30DE200D8493F /* Noten.xcdatamodeld in Sources */,
				AA5907EE21A30B5200D8493F /* InfoAuflistung.swift in Sources */,
				AA1B53C32196EEBB00941DF6 /* ViewController.swift in Sources */,
				AA8FE05F21A3310C0066338D /* LaunchController.swift in Sources */,
				AA1B53C12196EEBB00941DF6 /* AppDelegate.swift in Sources */,
			);
			runOnlyForDeploymentPostprocessing = 0;
		};
		AA1B53CD2196EEBB00941DF6 /* Sources */ = {
			isa = PBXSourcesBuildPhase;
			buildActionMask = 2147483647;
			files = (
				AA1B53D62196EEBB00941DF6 /* NitroTests.swift in Sources */,
			);
			runOnlyForDeploymentPostprocessing = 0;
		};
		AA1B53D82196EEBB00941DF6 /* Sources */ = {
			isa = PBXSourcesBuildPhase;
			buildActionMask = 2147483647;
			files = (
				AA1B53E12196EEBB00941DF6 /* NitroUITests.swift in Sources */,
			);
			runOnlyForDeploymentPostprocessing = 0;
		};
/* End PBXSourcesBuildPhase section */

/* Begin PBXTargetDependency section */
		AA1B53D32196EEBB00941DF6 /* PBXTargetDependency */ = {
			isa = PBXTargetDependency;
			target = AA1B53BC2196EEBA00941DF6 /* Nitro */;
			targetProxy = AA1B53D22196EEBB00941DF6 /* PBXContainerItemProxy */;
		};
		AA1B53DE2196EEBB00941DF6 /* PBXTargetDependency */ = {
			isa = PBXTargetDependency;
			target = AA1B53BC2196EEBA00941DF6 /* Nitro */;
			targetProxy = AA1B53DD2196EEBB00941DF6 /* PBXContainerItemProxy */;
		};
/* End PBXTargetDependency section */

/* Begin PBXVariantGroup section */
		AA1B53C42196EEBB00941DF6 /* Main.storyboard */ = {
			isa = PBXVariantGroup;
			children = (
				AA1B53C52196EEBB00941DF6 /* Base */,
			);
			name = Main.storyboard;
			sourceTree = "<group>";
		};
		AA1B53C92196EEBB00941DF6 /* LaunchScreen.storyboard */ = {
			isa = PBXVariantGroup;
			children = (
				AA1B53CA2196EEBB00941DF6 /* Base */,
			);
			name = LaunchScreen.storyboard;
			sourceTree = "<group>";
		};
/* End PBXVariantGroup section */

/* Begin XCBuildConfiguration section */
		AA1B53E32196EEBB00941DF6 /* Debug */ = {
			isa = XCBuildConfiguration;
			buildSettings = {
				ALWAYS_SEARCH_USER_PATHS = NO;
				CLANG_ANALYZER_NONNULL = YES;
				CLANG_ANALYZER_NUMBER_OBJECT_CONVERSION = YES_AGGRESSIVE;
				CLANG_CXX_LANGUAGE_STANDARD = "gnu++14";
				CLANG_CXX_LIBRARY = "libc++";
				CLANG_ENABLE_MODULES = YES;
				CLANG_ENABLE_OBJC_ARC = YES;
				CLANG_ENABLE_OBJC_WEAK = YES;
				CLANG_WARN_BLOCK_CAPTURE_AUTORELEASING = YES;
				CLANG_WARN_BOOL_CONVERSION = YES;
				CLANG_WARN_COMMA = YES;
				CLANG_WARN_CONSTANT_CONVERSION = YES;
				CLANG_WARN_DEPRECATED_OBJC_IMPLEMENTATIONS = YES;
				CLANG_WARN_DIRECT_OBJC_ISA_USAGE = YES_ERROR;
				CLANG_WARN_DOCUMENTATION_COMMENTS = YES;
				CLANG_WARN_EMPTY_BODY = YES;
				CLANG_WARN_ENUM_CONVERSION = YES;
				CLANG_WARN_INFINITE_RECURSION = YES;
				CLANG_WARN_INT_CONVERSION = YES;
				CLANG_WARN_NON_LITERAL_NULL_CONVERSION = YES;
				CLANG_WARN_OBJC_IMPLICIT_RETAIN_SELF = YES;
				CLANG_WARN_OBJC_LITERAL_CONVERSION = YES;
				CLANG_WARN_OBJC_ROOT_CLASS = YES_ERROR;
				CLANG_WARN_RANGE_LOOP_ANALYSIS = YES;
				CLANG_WARN_STRICT_PROTOTYPES = YES;
				CLANG_WARN_SUSPICIOUS_MOVE = YES;
				CLANG_WARN_UNGUARDED_AVAILABILITY = YES_AGGRESSIVE;
				CLANG_WARN_UNREACHABLE_CODE = YES;
				CLANG_WARN__DUPLICATE_METHOD_MATCH = YES;
				CODE_SIGN_IDENTITY = "iPhone Developer";
				COPY_PHASE_STRIP = NO;
				DEBUG_INFORMATION_FORMAT = dwarf;
				ENABLE_STRICT_OBJC_MSGSEND = YES;
				ENABLE_TESTABILITY = YES;
				GCC_C_LANGUAGE_STANDARD = gnu11;
				GCC_DYNAMIC_NO_PIC = NO;
				GCC_NO_COMMON_BLOCKS = YES;
				GCC_OPTIMIZATION_LEVEL = 0;
				GCC_PREPROCESSOR_DEFINITIONS = (
					"DEBUG=1",
					"$(inherited)",
				);
				GCC_WARN_64_TO_32_BIT_CONVERSION = YES;
				GCC_WARN_ABOUT_RETURN_TYPE = YES_ERROR;
				GCC_WARN_UNDECLARED_SELECTOR = YES;
				GCC_WARN_UNINITIALIZED_AUTOS = YES_AGGRESSIVE;
				GCC_WARN_UNUSED_FUNCTION = YES;
				GCC_WARN_UNUSED_VARIABLE = YES;
				IPHONEOS_DEPLOYMENT_TARGET = 12.1;
				MTL_ENABLE_DEBUG_INFO = INCLUDE_SOURCE;
				MTL_FAST_MATH = YES;
				ONLY_ACTIVE_ARCH = YES;
				SDKROOT = iphoneos;
				SWIFT_ACTIVE_COMPILATION_CONDITIONS = DEBUG;
				SWIFT_OPTIMIZATION_LEVEL = "-Onone";
			};
			name = Debug;
		};
		AA1B53E42196EEBB00941DF6 /* Release */ = {
			isa = XCBuildConfiguration;
			buildSettings = {
				ALWAYS_SEARCH_USER_PATHS = NO;
				CLANG_ANALYZER_NONNULL = YES;
				CLANG_ANALYZER_NUMBER_OBJECT_CONVERSION = YES_AGGRESSIVE;
				CLANG_CXX_LANGUAGE_STANDARD = "gnu++14";
				CLANG_CXX_LIBRARY = "libc++";
				CLANG_ENABLE_MODULES = YES;
				CLANG_ENABLE_OBJC_ARC = YES;
				CLANG_ENABLE_OBJC_WEAK = YES;
				CLANG_WARN_BLOCK_CAPTURE_AUTORELEASING = YES;
				CLANG_WARN_BOOL_CONVERSION = YES;
				CLANG_WARN_COMMA = YES;
				CLANG_WARN_CONSTANT_CONVERSION = YES;
				CLANG_WARN_DEPRECATED_OBJC_IMPLEMENTATIONS = YES;
				CLANG_WARN_DIRECT_OBJC_ISA_USAGE = YES_ERROR;
				CLANG_WARN_DOCUMENTATION_COMMENTS = YES;
				CLANG_WARN_EMPTY_BODY = YES;
				CLANG_WARN_ENUM_CONVERSION = YES;
				CLANG_WARN_INFINITE_RECURSION = YES;
				CLANG_WARN_INT_CONVERSION = YES;
				CLANG_WARN_NON_LITERAL_NULL_CONVERSION = YES;
				CLANG_WARN_OBJC_IMPLICIT_RETAIN_SELF = YES;
				CLANG_WARN_OBJC_LITERAL_CONVERSION = YES;
				CLANG_WARN_OBJC_ROOT_CLASS = YES_ERROR;
				CLANG_WARN_RANGE_LOOP_ANALYSIS = YES;
				CLANG_WARN_STRICT_PROTOTYPES = YES;
				CLANG_WARN_SUSPICIOUS_MOVE = YES;
				CLANG_WARN_UNGUARDED_AVAILABILITY = YES_AGGRESSIVE;
				CLANG_WARN_UNREACHABLE_CODE = YES;
				CLANG_WARN__DUPLICATE_METHOD_MATCH = YES;
				CODE_SIGN_IDENTITY = "iPhone Developer";
				COPY_PHASE_STRIP = NO;
				DEBUG_INFORMATION_FORMAT = "dwarf-with-dsym";
				ENABLE_NS_ASSERTIONS = NO;
				ENABLE_STRICT_OBJC_MSGSEND = YES;
				GCC_C_LANGUAGE_STANDARD = gnu11;
				GCC_NO_COMMON_BLOCKS = YES;
				GCC_WARN_64_TO_32_BIT_CONVERSION = YES;
				GCC_WARN_ABOUT_RETURN_TYPE = YES_ERROR;
				GCC_WARN_UNDECLARED_SELECTOR = YES;
				GCC_WARN_UNINITIALIZED_AUTOS = YES_AGGRESSIVE;
				GCC_WARN_UNUSED_FUNCTION = YES;
				GCC_WARN_UNUSED_VARIABLE = YES;
				IPHONEOS_DEPLOYMENT_TARGET = 12.1;
				MTL_ENABLE_DEBUG_INFO = NO;
				MTL_FAST_MATH = YES;
				SDKROOT = iphoneos;
				SWIFT_COMPILATION_MODE = wholemodule;
				SWIFT_OPTIMIZATION_LEVEL = "-O";
				VALIDATE_PRODUCT = YES;
			};
			name = Release;
		};
		AA1B53E62196EEBB00941DF6 /* Debug */ = {
			isa = XCBuildConfiguration;
			buildSettings = {
				ASSETCATALOG_COMPILER_APPICON_NAME = AppIcon;
				CODE_SIGN_ENTITLEMENTS = Nitro/Nitro.entitlements;
				CODE_SIGN_STYLE = Automatic;
				DEVELOPMENT_TEAM = QHAK8XB995;
				INFOPLIST_FILE = Nitro/Info.plist;
				LD_RUNPATH_SEARCH_PATHS = (
					"$(inherited)",
					"@executable_path/Frameworks",
				);
				PRODUCT_BUNDLE_IDENTIFIER = Darker.Nitro;
				PRODUCT_NAME = "$(TARGET_NAME)";
				SWIFT_VERSION = 4.2;
				TARGETED_DEVICE_FAMILY = "1,2";
			};
			name = Debug;
		};
		AA1B53E72196EEBB00941DF6 /* Release */ = {
			isa = XCBuildConfiguration;
			buildSettings = {
				ASSETCATALOG_COMPILER_APPICON_NAME = AppIcon;
				CODE_SIGN_ENTITLEMENTS = Nitro/Nitro.entitlements;
				CODE_SIGN_STYLE = Automatic;
				DEVELOPMENT_TEAM = QHAK8XB995;
				INFOPLIST_FILE = Nitro/Info.plist;
				LD_RUNPATH_SEARCH_PATHS = (
					"$(inherited)",
					"@executable_path/Frameworks",
				);
				PRODUCT_BUNDLE_IDENTIFIER = Darker.Nitro;
				PRODUCT_NAME = "$(TARGET_NAME)";
				SWIFT_VERSION = 4.2;
				TARGETED_DEVICE_FAMILY = "1,2";
			};
			name = Release;
		};
		AA1B53E92196EEBB00941DF6 /* Debug */ = {
			isa = XCBuildConfiguration;
			buildSettings = {
				ALWAYS_EMBED_SWIFT_STANDARD_LIBRARIES = YES;
				BUNDLE_LOADER = "$(TEST_HOST)";
				CODE_SIGN_STYLE = Automatic;
				DEVELOPMENT_TEAM = QHAK8XB995;
				INFOPLIST_FILE = NitroTests/Info.plist;
				LD_RUNPATH_SEARCH_PATHS = (
					"$(inherited)",
					"@executable_path/Frameworks",
					"@loader_path/Frameworks",
				);
				PRODUCT_BUNDLE_IDENTIFIER = Darker.NitroTests;
				PRODUCT_NAME = "$(TARGET_NAME)";
				SWIFT_VERSION = 4.2;
				TARGETED_DEVICE_FAMILY = "1,2";
				TEST_HOST = "$(BUILT_PRODUCTS_DIR)/Nitro.app/Nitro";
			};
			name = Debug;
		};
		AA1B53EA2196EEBB00941DF6 /* Release */ = {
			isa = XCBuildConfiguration;
			buildSettings = {
				ALWAYS_EMBED_SWIFT_STANDARD_LIBRARIES = YES;
				BUNDLE_LOADER = "$(TEST_HOST)";
				CODE_SIGN_STYLE = Automatic;
				DEVELOPMENT_TEAM = QHAK8XB995;
				INFOPLIST_FILE = NitroTests/Info.plist;
				LD_RUNPATH_SEARCH_PATHS = (
					"$(inherited)",
					"@executable_path/Frameworks",
					"@loader_path/Frameworks",
				);
				PRODUCT_BUNDLE_IDENTIFIER = Darker.NitroTests;
				PRODUCT_NAME = "$(TARGET_NAME)";
				SWIFT_VERSION = 4.2;
				TARGETED_DEVICE_FAMILY = "1,2";
				TEST_HOST = "$(BUILT_PRODUCTS_DIR)/Nitro.app/Nitro";
			};
			name = Release;
		};
		AA1B53EC2196EEBB00941DF6 /* Debug */ = {
			isa = XCBuildConfiguration;
			buildSettings = {
				ALWAYS_EMBED_SWIFT_STANDARD_LIBRARIES = YES;
				CODE_SIGN_STYLE = Automatic;
				DEVELOPMENT_TEAM = QHAK8XB995;
				INFOPLIST_FILE = NitroUITests/Info.plist;
				LD_RUNPATH_SEARCH_PATHS = (
					"$(inherited)",
					"@executable_path/Frameworks",
					"@loader_path/Frameworks",
				);
				PRODUCT_BUNDLE_IDENTIFIER = Darker.NitroUITests;
				PRODUCT_NAME = "$(TARGET_NAME)";
				SWIFT_VERSION = 4.2;
				TARGETED_DEVICE_FAMILY = "1,2";
				TEST_TARGET_NAME = Nitro;
			};
			name = Debug;
		};
		AA1B53ED2196EEBB00941DF6 /* Release */ = {
			isa = XCBuildConfiguration;
			buildSettings = {
				ALWAYS_EMBED_SWIFT_STANDARD_LIBRARIES = YES;
				CODE_SIGN_STYLE = Automatic;
				DEVELOPMENT_TEAM = QHAK8XB995;
				INFOPLIST_FILE = NitroUITests/Info.plist;
				LD_RUNPATH_SEARCH_PATHS = (
					"$(inherited)",
					"@executable_path/Frameworks",
					"@loader_path/Frameworks",
				);
				PRODUCT_BUNDLE_IDENTIFIER = Darker.NitroUITests;
				PRODUCT_NAME = "$(TARGET_NAME)";
				SWIFT_VERSION = 4.2;
				TARGETED_DEVICE_FAMILY = "1,2";
				TEST_TARGET_NAME = Nitro;
			};
			name = Release;
		};
/* End XCBuildConfiguration section */

/* Begin XCConfigurationList section */
		AA1B53B82196EEBA00941DF6 /* Build configuration list for PBXProject "Nitro" */ = {
			isa = XCConfigurationList;
			buildConfigurations = (
				AA1B53E32196EEBB00941DF6 /* Debug */,
				AA1B53E42196EEBB00941DF6 /* Release */,
			);
			defaultConfigurationIsVisible = 0;
			defaultConfigurationName = Release;
		};
		AA1B53E52196EEBB00941DF6 /* Build configuration list for PBXNativeTarget "Nitro" */ = {
			isa = XCConfigurationList;
			buildConfigurations = (
				AA1B53E62196EEBB00941DF6 /* Debug */,
				AA1B53E72196EEBB00941DF6 /* Release */,
			);
			defaultConfigurationIsVisible = 0;
			defaultConfigurationName = Release;
		};
		AA1B53E82196EEBB00941DF6 /* Build configuration list for PBXNativeTarget "NitroTests" */ = {
			isa = XCConfigurationList;
			buildConfigurations = (
				AA1B53E92196EEBB00941DF6 /* Debug */,
				AA1B53EA2196EEBB00941DF6 /* Release */,
			);
			defaultConfigurationIsVisible = 0;
			defaultConfigurationName = Release;
		};
		AA1B53EB2196EEBB00941DF6 /* Build configuration list for PBXNativeTarget "NitroUITests" */ = {
			isa = XCConfigurationList;
			buildConfigurations = (
				AA1B53EC2196EEBB00941DF6 /* Debug */,
				AA1B53ED2196EEBB00941DF6 /* Release */,
			);
			defaultConfigurationIsVisible = 0;
			defaultConfigurationName = Release;
		};
/* End XCConfigurationList section */

/* Begin XCVersionGroup section */
		AA5907F121A30DE200D8493F /* Noten.xcdatamodeld */ = {
			isa = XCVersionGroup;
			children = (
				AA5907F221A30DE200D8493F /* Noten.xcdatamodel */,
			);
			currentVersion = AA5907F221A30DE200D8493F /* Noten.xcdatamodel */;
			path = Noten.xcdatamodeld;
			sourceTree = "<group>";
			versionGroupType = wrapper.xcdatamodel;
		};
/* End XCVersionGroup section */
	};
	rootObject = AA1B53B52196EEBA00941DF6 /* Project object */;
}
