// !$*UTF8*$!
{
	archiveVersion = 1;
	classes = {
	};
	objectVersion = 50;
	objects = {

/* Begin PBXBuildFile section */
		1877B70441A9CDE3B6A7C5A1 /* Pods_Nitro.framework in Frameworks */ = {isa = PBXBuildFile; fileRef = 586AE186A4EC25782704F819 /* Pods_Nitro.framework */; };
		58D40D5A72BADC8807743057 /* Pods_NitroTests.framework in Frameworks */ = {isa = PBXBuildFile; fileRef = 1DBA589C6E329AD89B57A055 /* Pods_NitroTests.framework */; };
		835CC02EA152F0C4BEACA34C /* Pods_NitroUITests.framework in Frameworks */ = {isa = PBXBuildFile; fileRef = E897D7AA7406D6455FAAF3CD /* Pods_NitroUITests.framework */; };
		AA08818921CAE75B00145E97 /* Einstellungen.txt in Resources */ = {isa = PBXBuildFile; fileRef = AA9C854621CA5B580060C7BF /* Einstellungen.txt */; };
		AA1B53C12196EEBB00941DF6 /* AppDelegate.swift in Sources */ = {isa = PBXBuildFile; fileRef = AA1B53C02196EEBB00941DF6 /* AppDelegate.swift */; };
		AA1B53C32196EEBB00941DF6 /* ViewController.swift in Sources */ = {isa = PBXBuildFile; fileRef = AA1B53C22196EEBB00941DF6 /* ViewController.swift */; };
		AA1B53C62196EEBB00941DF6 /* Main.storyboard in Resources */ = {isa = PBXBuildFile; fileRef = AA1B53C42196EEBB00941DF6 /* Main.storyboard */; settings = {ASSET_TAGS = (AnmeldungFehleschlagen, ); }; };
		AA1B53C82196EEBB00941DF6 /* Assets.xcassets in Resources */ = {isa = PBXBuildFile; fileRef = AA1B53C72196EEBB00941DF6 /* Assets.xcassets */; };
		AA1B53CB2196EEBB00941DF6 /* LaunchScreen.storyboard in Resources */ = {isa = PBXBuildFile; fileRef = AA1B53C92196EEBB00941DF6 /* LaunchScreen.storyboard */; };
		AA1B53D62196EEBB00941DF6 /* NitroTests.swift in Sources */ = {isa = PBXBuildFile; fileRef = AA1B53D52196EEBB00941DF6 /* NitroTests.swift */; };
		AA1B53E12196EEBB00941DF6 /* NitroUITests.swift in Sources */ = {isa = PBXBuildFile; fileRef = AA1B53E02196EEBB00941DF6 /* NitroUITests.swift */; };
		AA4618D121D2561400084872 /* FachbereichsInfos.swift in Sources */ = {isa = PBXBuildFile; fileRef = AA4618D021D2561400084872 /* FachbereichsInfos.swift */; };
		AA4618D321D2590A00084872 /* AKKInfos.swift in Sources */ = {isa = PBXBuildFile; fileRef = AA4618D221D2590A00084872 /* AKKInfos.swift */; };
		AA4C4F0921C0FB3C000B5BCC /* Mensa.swift in Sources */ = {isa = PBXBuildFile; fileRef = AA4C4F0821C0FB3C000B5BCC /* Mensa.swift */; };
		AA4C4F0B21C11E9B000B5BCC /* Scrapper.swift in Sources */ = {isa = PBXBuildFile; fileRef = AA4C4F0A21C11E9B000B5BCC /* Scrapper.swift */; };
		AA575DFD21F79E6900F954F6 /* WeatherData.swift in Sources */ = {isa = PBXBuildFile; fileRef = AA575DFC21F79E6900F954F6 /* WeatherData.swift */; };
		AA575DFF21F7A36B00F954F6 /* MensaData.js in Resources */ = {isa = PBXBuildFile; fileRef = AA575DFE21F7A36B00F954F6 /* MensaData.js */; };
		AA5907EE21A30B5200D8493F /* HeaderAuflistung.swift in Sources */ = {isa = PBXBuildFile; fileRef = AA5907ED21A30B5200D8493F /* HeaderAuflistung.swift */; };
		AA5907F021A30C1400D8493F /* InfoAusgabe.swift in Sources */ = {isa = PBXBuildFile; fileRef = AA5907EF21A30C1400D8493F /* InfoAusgabe.swift */; };
		AA5907F321A30DE200D8493F /* Noten.xcdatamodeld in Sources */ = {isa = PBXBuildFile; fileRef = AA5907F121A30DE200D8493F /* Noten.xcdatamodeld */; };
		AA5907F521A30F1C00D8493F /* Stickers.xcstickers in Resources */ = {isa = PBXBuildFile; fileRef = AA5907F421A30F1C00D8493F /* Stickers.xcstickers */; };
		AA6326B021CD53BF004321EC /* UniInfo.json in Resources */ = {isa = PBXBuildFile; fileRef = AA6326AF21CD53BF004321EC /* UniInfo.json */; };
		AA635E3D21AC2610002ED75C /* Einstellungen.swift in Sources */ = {isa = PBXBuildFile; fileRef = AA635E3C21AC2610002ED75C /* Einstellungen.swift */; };
		AA6677E422008CF000E6476A /* MapKit.framework in Frameworks */ = {isa = PBXBuildFile; fileRef = AA5907F821A3147900D8493F /* MapKit.framework */; };
		AA7285962207028B00886149 /* HardCodedVar-Funktionen.swift in Sources */ = {isa = PBXBuildFile; fileRef = AA7285952207028B00886149 /* HardCodedVar-Funktionen.swift */; };
		AA74A2C721E51BAC000AFA39 /* InfosLoader.swift in Sources */ = {isa = PBXBuildFile; fileRef = AA74A2C621E51BAC000AFA39 /* InfosLoader.swift */; };
		AA74A2C921E51DE3000AFA39 /* KategorienAuflistung.swift in Sources */ = {isa = PBXBuildFile; fileRef = AA74A2C821E51DE3000AFA39 /* KategorienAuflistung.swift */; };
		AA7F407821D78E2600F6E3F5 /* Weather.swift in Sources */ = {isa = PBXBuildFile; fileRef = AA7F407721D78E2600F6E3F5 /* Weather.swift */; };
		AA8E661B21C0135900929FE8 /* Map.swift in Sources */ = {isa = PBXBuildFile; fileRef = AA8E661A21C0135900929FE8 /* Map.swift */; };
		AA8E662321C036E900929FE8 /* Places.swift in Sources */ = {isa = PBXBuildFile; fileRef = AA8E662221C036E900929FE8 /* Places.swift */; };
		AA8FE05F21A3310C0066338D /* LaunchController.swift in Sources */ = {isa = PBXBuildFile; fileRef = AA8FE05E21A3310C0066338D /* LaunchController.swift */; };
		AA8FE06521A352D50066338D /* Sicherheits_Abfrage.swift in Sources */ = {isa = PBXBuildFile; fileRef = AA8FE06421A352D50066338D /* Sicherheits_Abfrage.swift */; };
		AA8FE06721A352EE0066338D /* LoginScreen.swift in Sources */ = {isa = PBXBuildFile; fileRef = AA8FE06621A352EE0066338D /* LoginScreen.swift */; };
		AA8FE06921A3649D0066338D /* HardCodedVar.swift in Sources */ = {isa = PBXBuildFile; fileRef = AA8FE06821A3649D0066338D /* HardCodedVar.swift */; };
		AAA0F38121CE8C2C009B5F0C /* HochschullMap.json in Resources */ = {isa = PBXBuildFile; fileRef = AAA0F38021CE8C2C009B5F0C /* HochschullMap.json */; };
		AAA8F4E821D6C56E004B1DD1 /* RSS Auswahl Controller.swift in Sources */ = {isa = PBXBuildFile; fileRef = AAA8F4E721D6C56E004B1DD1 /* RSS Auswahl Controller.swift */; };
		AAAB860221D79F1200043A3B /* Reachability.swift in Sources */ = {isa = PBXBuildFile; fileRef = AAAB860121D79F1200043A3B /* Reachability.swift */; };
		AAADD08721DE90880012B649 /* NewsTableViewCell.swift in Sources */ = {isa = PBXBuildFile; fileRef = AAADD08621DE90880012B649 /* NewsTableViewCell.swift */; };
		AAADD08921DE913D0012B649 /* FeedParser.swift in Sources */ = {isa = PBXBuildFile; fileRef = AAADD08821DE913D0012B649 /* FeedParser.swift */; };
		AAADD09321DEA2CD0012B649 /* WeatherService.swift in Sources */ = {isa = PBXBuildFile; fileRef = AAADD09121DEA2CD0012B649 /* WeatherService.swift */; };
/* End PBXBuildFile section */

/* Begin PBXContainerItemProxy section */
		AA1B53D22196EEBB00941DF6 /* PBXContainerItemProxy */ = {
			isa = PBXContainerItemProxy;
			containerPortal = AA1B53B52196EEBA00941DF6 /* Project object */;
			proxyType = 1;
			remoteGlobalIDString = AA1B53BC2196EEBA00941DF6;
			remoteInfo = Nitro;
		};
		AA1B53DD2196EEBB00941DF6 /* PBXContainerItemProxy */ = {
			isa = PBXContainerItemProxy;
			containerPortal = AA1B53B52196EEBA00941DF6 /* Project object */;
			proxyType = 1;
			remoteGlobalIDString = AA1B53BC2196EEBA00941DF6;
			remoteInfo = Nitro;
		};
/* End PBXContainerItemProxy section */

/* Begin PBXFileReference section */
		1DBA589C6E329AD89B57A055 /* Pods_NitroTests.framework */ = {isa = PBXFileReference; explicitFileType = wrapper.framework; includeInIndex = 0; path = Pods_NitroTests.framework; sourceTree = BUILT_PRODUCTS_DIR; };
		398D2648B8935D025F32FE9A /* Pods-NitroUITests.release.xcconfig */ = {isa = PBXFileReference; includeInIndex = 1; lastKnownFileType = text.xcconfig; name = "Pods-NitroUITests.release.xcconfig"; path = "Pods/Target Support Files/Pods-NitroUITests/Pods-NitroUITests.release.xcconfig"; sourceTree = "<group>"; };
		586AE186A4EC25782704F819 /* Pods_Nitro.framework */ = {isa = PBXFileReference; explicitFileType = wrapper.framework; includeInIndex = 0; path = Pods_Nitro.framework; sourceTree = BUILT_PRODUCTS_DIR; };
		8984F822381722AB744FDDDD /* Pods-Nitro.release.xcconfig */ = {isa = PBXFileReference; includeInIndex = 1; lastKnownFileType = text.xcconfig; name = "Pods-Nitro.release.xcconfig"; path = "Pods/Target Support Files/Pods-Nitro/Pods-Nitro.release.xcconfig"; sourceTree = "<group>"; };
		9A712DD296FDE2799BB21737 /* Pods-Nitro.debug.xcconfig */ = {isa = PBXFileReference; includeInIndex = 1; lastKnownFileType = text.xcconfig; name = "Pods-Nitro.debug.xcconfig"; path = "Pods/Target Support Files/Pods-Nitro/Pods-Nitro.debug.xcconfig"; sourceTree = "<group>"; };
		AA1B53BD2196EEBB00941DF6 /* Nitro.app */ = {isa = PBXFileReference; explicitFileType = wrapper.application; includeInIndex = 0; path = Nitro.app; sourceTree = BUILT_PRODUCTS_DIR; };
		AA1B53C02196EEBB00941DF6 /* AppDelegate.swift */ = {isa = PBXFileReference; lastKnownFileType = sourcecode.swift; path = AppDelegate.swift; sourceTree = "<group>"; };
		AA1B53C22196EEBB00941DF6 /* ViewController.swift */ = {isa = PBXFileReference; lastKnownFileType = sourcecode.swift; path = ViewController.swift; sourceTree = "<group>"; };
		AA1B53C52196EEBB00941DF6 /* Base */ = {isa = PBXFileReference; lastKnownFileType = file.storyboard; name = Base; path = Base.lproj/Main.storyboard; sourceTree = "<group>"; };
		AA1B53C72196EEBB00941DF6 /* Assets.xcassets */ = {isa = PBXFileReference; lastKnownFileType = folder.assetcatalog; path = Assets.xcassets; sourceTree = "<group>"; };
		AA1B53CA2196EEBB00941DF6 /* Base */ = {isa = PBXFileReference; lastKnownFileType = file.storyboard; name = Base; path = Base.lproj/LaunchScreen.storyboard; sourceTree = "<group>"; };
		AA1B53CC2196EEBB00941DF6 /* Info.plist */ = {isa = PBXFileReference; lastKnownFileType = text.plist.xml; path = Info.plist; sourceTree = "<group>"; };
		AA1B53D12196EEBB00941DF6 /* NitroTests.xctest */ = {isa = PBXFileReference; explicitFileType = wrapper.cfbundle; includeInIndex = 0; path = NitroTests.xctest; sourceTree = BUILT_PRODUCTS_DIR; };
		AA1B53D52196EEBB00941DF6 /* NitroTests.swift */ = {isa = PBXFileReference; lastKnownFileType = sourcecode.swift; path = NitroTests.swift; sourceTree = "<group>"; };
		AA1B53D72196EEBB00941DF6 /* Info.plist */ = {isa = PBXFileReference; lastKnownFileType = text.plist.xml; path = Info.plist; sourceTree = "<group>"; };
		AA1B53DC2196EEBB00941DF6 /* NitroUITests.xctest */ = {isa = PBXFileReference; explicitFileType = wrapper.cfbundle; includeInIndex = 0; path = NitroUITests.xctest; sourceTree = BUILT_PRODUCTS_DIR; };
		AA1B53E02196EEBB00941DF6 /* NitroUITests.swift */ = {isa = PBXFileReference; lastKnownFileType = sourcecode.swift; path = NitroUITests.swift; sourceTree = "<group>"; };
		AA1B53E22196EEBB00941DF6 /* Info.plist */ = {isa = PBXFileReference; lastKnownFileType = text.plist.xml; path = Info.plist; sourceTree = "<group>"; };
		AA4618D021D2561400084872 /* FachbereichsInfos.swift */ = {isa = PBXFileReference; lastKnownFileType = sourcecode.swift; path = FachbereichsInfos.swift; sourceTree = "<group>"; };
		AA4618D221D2590A00084872 /* AKKInfos.swift */ = {isa = PBXFileReference; lastKnownFileType = sourcecode.swift; path = AKKInfos.swift; sourceTree = "<group>"; };
		AA4C4F0821C0FB3C000B5BCC /* Mensa.swift */ = {isa = PBXFileReference; lastKnownFileType = sourcecode.swift; path = Mensa.swift; sourceTree = "<group>"; };
		AA4C4F0A21C11E9B000B5BCC /* Scrapper.swift */ = {isa = PBXFileReference; lastKnownFileType = sourcecode.swift; path = Scrapper.swift; sourceTree = "<group>"; };
		AA575DFC21F79E6900F954F6 /* WeatherData.swift */ = {isa = PBXFileReference; fileEncoding = 4; lastKnownFileType = sourcecode.swift; path = WeatherData.swift; sourceTree = "<group>"; };
		AA575DFE21F7A36B00F954F6 /* MensaData.js */ = {isa = PBXFileReference; fileEncoding = 4; lastKnownFileType = sourcecode.javascript; path = MensaData.js; sourceTree = "<group>"; };
		AA5907ED21A30B5200D8493F /* HeaderAuflistung.swift */ = {isa = PBXFileReference; lastKnownFileType = sourcecode.swift; path = HeaderAuflistung.swift; sourceTree = "<group>"; };
		AA5907EF21A30C1400D8493F /* InfoAusgabe.swift */ = {isa = PBXFileReference; lastKnownFileType = sourcecode.swift; path = InfoAusgabe.swift; sourceTree = "<group>"; };
		AA5907F221A30DE200D8493F /* Noten.xcdatamodel */ = {isa = PBXFileReference; lastKnownFileType = wrapper.xcdatamodel; path = Noten.xcdatamodel; sourceTree = "<group>"; };
		AA5907F421A30F1C00D8493F /* Stickers.xcstickers */ = {isa = PBXFileReference; lastKnownFileType = folder.stickers; path = Stickers.xcstickers; sourceTree = "<group>"; };
		AA5907F621A3141800D8493F /* Nitro.entitlements */ = {isa = PBXFileReference; lastKnownFileType = text.plist.entitlements; path = Nitro.entitlements; sourceTree = "<group>"; };
		AA5907F821A3147900D8493F /* MapKit.framework */ = {isa = PBXFileReference; lastKnownFileType = wrapper.framework; name = MapKit.framework; path = System/Library/Frameworks/MapKit.framework; sourceTree = SDKROOT; };
		AA6326AF21CD53BF004321EC /* UniInfo.json */ = {isa = PBXFileReference; fileEncoding = 4; lastKnownFileType = text.json; path = UniInfo.json; sourceTree = "<group>"; };
		AA635E3C21AC2610002ED75C /* Einstellungen.swift */ = {isa = PBXFileReference; lastKnownFileType = sourcecode.swift; path = Einstellungen.swift; sourceTree = "<group>"; };
		AA7285952207028B00886149 /* HardCodedVar-Funktionen.swift */ = {isa = PBXFileReference; lastKnownFileType = sourcecode.swift; path = "HardCodedVar-Funktionen.swift"; sourceTree = "<group>"; };
		AA74A2C621E51BAC000AFA39 /* InfosLoader.swift */ = {isa = PBXFileReference; lastKnownFileType = sourcecode.swift; path = InfosLoader.swift; sourceTree = "<group>"; };
		AA74A2C821E51DE3000AFA39 /* KategorienAuflistung.swift */ = {isa = PBXFileReference; lastKnownFileType = sourcecode.swift; path = KategorienAuflistung.swift; sourceTree = "<group>"; };
		AA7F407721D78E2600F6E3F5 /* Weather.swift */ = {isa = PBXFileReference; lastKnownFileType = sourcecode.swift; path = Weather.swift; sourceTree = "<group>"; };
		AA8E661A21C0135900929FE8 /* Map.swift */ = {isa = PBXFileReference; lastKnownFileType = sourcecode.swift; path = Map.swift; sourceTree = "<group>"; };
		AA8E662221C036E900929FE8 /* Places.swift */ = {isa = PBXFileReference; lastKnownFileType = sourcecode.swift; path = Places.swift; sourceTree = "<group>"; };
		AA8FE05E21A3310C0066338D /* LaunchController.swift */ = {isa = PBXFileReference; lastKnownFileType = sourcecode.swift; path = LaunchController.swift; sourceTree = "<group>"; };
		AA8FE06421A352D50066338D /* Sicherheits_Abfrage.swift */ = {isa = PBXFileReference; lastKnownFileType = sourcecode.swift; path = Sicherheits_Abfrage.swift; sourceTree = "<group>"; };
		AA8FE06621A352EE0066338D /* LoginScreen.swift */ = {isa = PBXFileReference; lastKnownFileType = sourcecode.swift; path = LoginScreen.swift; sourceTree = "<group>"; };
		AA8FE06821A3649D0066338D /* HardCodedVar.swift */ = {isa = PBXFileReference; lastKnownFileType = sourcecode.swift; path = HardCodedVar.swift; sourceTree = "<group>"; };
		AA8FE06A21A373CA0066338D /* LocalAuthentication.framework */ = {isa = PBXFileReference; lastKnownFileType = wrapper.framework; name = LocalAuthentication.framework; path = System/Library/Frameworks/LocalAuthentication.framework; sourceTree = SDKROOT; };
		AA9C854621CA5B580060C7BF /* Einstellungen.txt */ = {isa = PBXFileReference; lastKnownFileType = text; name = Einstellungen.txt; path = Nitro/Einstellungen.txt; sourceTree = SOURCE_ROOT; };
		AAA0F38021CE8C2C009B5F0C /* HochschullMap.json */ = {isa = PBXFileReference; lastKnownFileType = text.json; path = HochschullMap.json; sourceTree = "<group>"; };
		AAA8F4E721D6C56E004B1DD1 /* RSS Auswahl Controller.swift */ = {isa = PBXFileReference; lastKnownFileType = sourcecode.swift; path = "RSS Auswahl Controller.swift"; sourceTree = "<group>"; };
		AAAB860121D79F1200043A3B /* Reachability.swift */ = {isa = PBXFileReference; lastKnownFileType = sourcecode.swift; path = Reachability.swift; sourceTree = "<group>"; };
		AAADD08621DE90880012B649 /* NewsTableViewCell.swift */ = {isa = PBXFileReference; fileEncoding = 4; lastKnownFileType = sourcecode.swift; path = NewsTableViewCell.swift; sourceTree = "<group>"; };
		AAADD08821DE913D0012B649 /* FeedParser.swift */ = {isa = PBXFileReference; fileEncoding = 4; lastKnownFileType = sourcecode.swift; path = FeedParser.swift; sourceTree = "<group>"; };
		AAADD08C21DEA1180012B649 /* WeatherKit.h */ = {isa = PBXFileReference; lastKnownFileType = sourcecode.c.h; path = WeatherKit.h; sourceTree = "<group>"; };
		AAADD09121DEA2CD0012B649 /* WeatherService.swift */ = {isa = PBXFileReference; fileEncoding = 4; lastKnownFileType = sourcecode.swift; name = WeatherService.swift; path = "../../../Downloads/Swift-30-Projects-master-2/Project 25 - WeatherExtension/WeatherDemo/WeatherService.swift"; sourceTree = "<group>"; };
		BE2FE831AF19C2CA14299DE2 /* Pods-NitroUITests.debug.xcconfig */ = {isa = PBXFileReference; includeInIndex = 1; lastKnownFileType = text.xcconfig; name = "Pods-NitroUITests.debug.xcconfig"; path = "Pods/Target Support Files/Pods-NitroUITests/Pods-NitroUITests.debug.xcconfig"; sourceTree = "<group>"; };
		DEF2FC5083A1C5072C944B4A /* Pods-NitroTests.release.xcconfig */ = {isa = PBXFileReference; includeInIndex = 1; lastKnownFileType = text.xcconfig; name = "Pods-NitroTests.release.xcconfig"; path = "Pods/Target Support Files/Pods-NitroTests/Pods-NitroTests.release.xcconfig"; sourceTree = "<group>"; };
		E897D7AA7406D6455FAAF3CD /* Pods_NitroUITests.framework */ = {isa = PBXFileReference; explicitFileType = wrapper.framework; includeInIndex = 0; path = Pods_NitroUITests.framework; sourceTree = BUILT_PRODUCTS_DIR; };
		EBA38DAA3463BFD9FF9DF890 /* Pods-NitroTests.debug.xcconfig */ = {isa = PBXFileReference; includeInIndex = 1; lastKnownFileType = text.xcconfig; name = "Pods-NitroTests.debug.xcconfig"; path = "Pods/Target Support Files/Pods-NitroTests/Pods-NitroTests.debug.xcconfig"; sourceTree = "<group>"; };
/* End PBXFileReference section */

/* Begin PBXFrameworksBuildPhase section */
		2A5E0A49635EE09A92C063AD /* Frameworks */ = {
			isa = PBXFrameworksBuildPhase;
			buildActionMask = 2147483647;
			files = (
				AA6677E422008CF000E6476A /* MapKit.framework in Frameworks */,
				1877B70441A9CDE3B6A7C5A1 /* Pods_Nitro.framework in Frameworks */,
			);
			runOnlyForDeploymentPostprocessing = 0;
		};
		AA1B53CE2196EEBB00941DF6 /* Frameworks */ = {
			isa = PBXFrameworksBuildPhase;
			buildActionMask = 2147483647;
			files = (
				58D40D5A72BADC8807743057 /* Pods_NitroTests.framework in Frameworks */,
			);
			runOnlyForDeploymentPostprocessing = 0;
		};
		AA1B53D92196EEBB00941DF6 /* Frameworks */ = {
			isa = PBXFrameworksBuildPhase;
			buildActionMask = 2147483647;
			files = (
				835CC02EA152F0C4BEACA34C /* Pods_NitroUITests.framework in Frameworks */,
			);
			runOnlyForDeploymentPostprocessing = 0;
		};
/* End PBXFrameworksBuildPhase section */

/* Begin PBXGroup section */
		2891ED1450A560E91F803BEA /* Pods */ = {
			isa = PBXGroup;
			children = (
				9A712DD296FDE2799BB21737 /* Pods-Nitro.debug.xcconfig */,
				8984F822381722AB744FDDDD /* Pods-Nitro.release.xcconfig */,
				EBA38DAA3463BFD9FF9DF890 /* Pods-NitroTests.debug.xcconfig */,
				DEF2FC5083A1C5072C944B4A /* Pods-NitroTests.release.xcconfig */,
				BE2FE831AF19C2CA14299DE2 /* Pods-NitroUITests.debug.xcconfig */,
				398D2648B8935D025F32FE9A /* Pods-NitroUITests.release.xcconfig */,
			);
			name = Pods;
			sourceTree = "<group>";
		};
		AA1B53B42196EEBA00941DF6 = {
			isa = PBXGroup;
			children = (
				AA1B53BF2196EEBB00941DF6 /* Nitro */,
				AA1B53D42196EEBB00941DF6 /* NitroTests */,
				AA1B53DF2196EEBB00941DF6 /* NitroUITests */,
				AA1B53BE2196EEBB00941DF6 /* Products */,
				AA5907F721A3147900D8493F /* Frameworks */,
				2891ED1450A560E91F803BEA /* Pods */,
			);
			sourceTree = "<group>";
		};
		AA1B53BE2196EEBB00941DF6 /* Products */ = {
			isa = PBXGroup;
			children = (
				AA1B53BD2196EEBB00941DF6 /* Nitro.app */,
				AA1B53D12196EEBB00941DF6 /* NitroTests.xctest */,
				AA1B53DC2196EEBB00941DF6 /* NitroUITests.xctest */,
			);
			name = Products;
			sourceTree = "<group>";
		};
		AA1B53BF2196EEBB00941DF6 /* Nitro */ = {
			isa = PBXGroup;
			children = (
				AA4C4F0621C0FAE1000B5BCC /* Allgemein */,
				AA1B53C22196EEBB00941DF6 /* ViewController.swift */,
				AA1B53C42196EEBB00941DF6 /* Main.storyboard */,
				AA8FE05E21A3310C0066338D /* LaunchController.swift */,
				AA8FE06621A352EE0066338D /* LoginScreen.swift */,
				AA635E3C21AC2610002ED75C /* Einstellungen.swift */,
				AA8FE06421A352D50066338D /* Sicherheits_Abfrage.swift */,
				AA4C4F0C21C11EB9000B5BCC /* Daten */,
				AA4C4F0721C0FB15000B5BCC /* Allgemeine Infos */,
				AA4C4F0521C0FAA1000B5BCC /* Karte */,
			);
			path = Nitro;
			sourceTree = "<group>";
		};
		AA1B53D42196EEBB00941DF6 /* NitroTests */ = {
			isa = PBXGroup;
			children = (
				AA1B53D52196EEBB00941DF6 /* NitroTests.swift */,
				AA1B53D72196EEBB00941DF6 /* Info.plist */,
			);
			path = NitroTests;
			sourceTree = "<group>";
		};
		AA1B53DF2196EEBB00941DF6 /* NitroUITests */ = {
			isa = PBXGroup;
			children = (
				AA1B53E02196EEBB00941DF6 /* NitroUITests.swift */,
				AA1B53E22196EEBB00941DF6 /* Info.plist */,
			);
			path = NitroUITests;
			sourceTree = "<group>";
		};
		AA4618D821D2A9CF00084872 /* RSS */ = {
			isa = PBXGroup;
			children = (
				AAA8F4E721D6C56E004B1DD1 /* RSS Auswahl Controller.swift */,
				AAADD08621DE90880012B649 /* NewsTableViewCell.swift */,
				AA4618D021D2561400084872 /* FachbereichsInfos.swift */,
				AAADD08821DE913D0012B649 /* FeedParser.swift */,
				AA4618D221D2590A00084872 /* AKKInfos.swift */,
			);
			name = RSS;
			sourceTree = "<group>";
		};
		AA4C4F0521C0FAA1000B5BCC /* Karte */ = {
			isa = PBXGroup;
			children = (
				AA8E661A21C0135900929FE8 /* Map.swift */,
				AA8E662221C036E900929FE8 /* Places.swift */,
			);
			name = Karte;
			sourceTree = "<group>";
		};
		AA4C4F0621C0FAE1000B5BCC /* Allgemein */ = {
			isa = PBXGroup;
			children = (
				AA5907F621A3141800D8493F /* Nitro.entitlements */,
				AA5907F121A30DE200D8493F /* Noten.xcdatamodeld */,
				AA5907F421A30F1C00D8493F /* Stickers.xcstickers */,
				AA1B53C72196EEBB00941DF6 /* Assets.xcassets */,
				AA1B53C92196EEBB00941DF6 /* LaunchScreen.storyboard */,
				AA1B53C02196EEBB00941DF6 /* AppDelegate.swift */,
				AAAB860121D79F1200043A3B /* Reachability.swift */,
				AA1B53CC2196EEBB00941DF6 /* Info.plist */,
			);
			name = Allgemein;
			sourceTree = "<group>";
		};
		AA4C4F0721C0FB15000B5BCC /* Allgemeine Infos */ = {
			isa = PBXGroup;
			children = (
				AA74A2C621E51BAC000AFA39 /* InfosLoader.swift */,
				AA5907ED21A30B5200D8493F /* HeaderAuflistung.swift */,
				AA74A2C821E51DE3000AFA39 /* KategorienAuflistung.swift */,
				AA5907EF21A30C1400D8493F /* InfoAusgabe.swift */,
				AA6326AF21CD53BF004321EC /* UniInfo.json */,
			);
			name = "Allgemeine Infos";
			sourceTree = "<group>";
		};
		AA4C4F0C21C11EB9000B5BCC /* Daten */ = {
			isa = PBXGroup;
			children = (
				AAADD08D21DEA12C0012B649 /* Wetter */,
				AA4C4F0821C0FB3C000B5BCC /* Mensa.swift */,
				AA9C854421CA55040060C7BF /* TXT */,
				AA4618D821D2A9CF00084872 /* RSS */,
				AA8FE06821A3649D0066338D /* HardCodedVar.swift */,
				AA7285952207028B00886149 /* HardCodedVar-Funktionen.swift */,
				AA4C4F0A21C11E9B000B5BCC /* Scrapper.swift */,
				AA575DFE21F7A36B00F954F6 /* MensaData.js */,
			);
			name = Daten;
			sourceTree = "<group>";
		};
		AA5907F721A3147900D8493F /* Frameworks */ = {
			isa = PBXGroup;
			children = (
				AA8FE06A21A373CA0066338D /* LocalAuthentication.framework */,
				AA5907F821A3147900D8493F /* MapKit.framework */,
				586AE186A4EC25782704F819 /* Pods_Nitro.framework */,
				1DBA589C6E329AD89B57A055 /* Pods_NitroTests.framework */,
				E897D7AA7406D6455FAAF3CD /* Pods_NitroUITests.framework */,
			);
			name = Frameworks;
			sourceTree = "<group>";
		};
		AA9C854421CA55040060C7BF /* TXT */ = {
			isa = PBXGroup;
			children = (
				AAA0F38021CE8C2C009B5F0C /* HochschullMap.json */,
				AA9C854621CA5B580060C7BF /* Einstellungen.txt */,
			);
			name = TXT;
			sourceTree = "<group>";
		};
		AAADD08D21DEA12C0012B649 /* Wetter */ = {
			isa = PBXGroup;
			children = (
				AA575DFC21F79E6900F954F6 /* WeatherData.swift */,
				AAADD09121DEA2CD0012B649 /* WeatherService.swift */,
				AA7F407721D78E2600F6E3F5 /* Weather.swift */,
				AAADD08C21DEA1180012B649 /* WeatherKit.h */,
			);
			name = Wetter;
			sourceTree = "<group>";
		};
/* End PBXGroup section */

/* Begin PBXNativeTarget section */
		AA1B53BC2196EEBA00941DF6 /* Nitro */ = {
			isa = PBXNativeTarget;
			buildConfigurationList = AA1B53E52196EEBB00941DF6 /* Build configuration list for PBXNativeTarget "Nitro" */;
			buildPhases = (
				762A6DFBDBC7CEA96784E397 /* [CP] Check Pods Manifest.lock */,
				AA1B53B92196EEBA00941DF6 /* Sources */,
				AA1B53BB2196EEBA00941DF6 /* Resources */,
				008E1FDEECCD73EFCCB63E77 /* [CP] Embed Pods Frameworks */,
				AA0D97B821BF130900965450 /* ShellScript */,
				2A5E0A49635EE09A92C063AD /* Frameworks */,
			);
			buildRules = (
			);
			dependencies = (
			);
			name = Nitro;
			productName = Nitro;
			productReference = AA1B53BD2196EEBB00941DF6 /* Nitro.app */;
			productType = "com.apple.product-type.application";
		};
		AA1B53D02196EEBB00941DF6 /* NitroTests */ = {
			isa = PBXNativeTarget;
			buildConfigurationList = AA1B53E82196EEBB00941DF6 /* Build configuration list for PBXNativeTarget "NitroTests" */;
			buildPhases = (
				00791CC9A747D24969946E78 /* [CP] Check Pods Manifest.lock */,
				AA1B53CD2196EEBB00941DF6 /* Sources */,
				AA1B53CE2196EEBB00941DF6 /* Frameworks */,
				AA1B53CF2196EEBB00941DF6 /* Resources */,
			);
			buildRules = (
			);
			dependencies = (
				AA1B53D32196EEBB00941DF6 /* PBXTargetDependency */,
			);
			name = NitroTests;
			productName = NitroTests;
			productReference = AA1B53D12196EEBB00941DF6 /* NitroTests.xctest */;
			productType = "com.apple.product-type.bundle.unit-test";
		};
		AA1B53DB2196EEBB00941DF6 /* NitroUITests */ = {
			isa = PBXNativeTarget;
			buildConfigurationList = AA1B53EB2196EEBB00941DF6 /* Build configuration list for PBXNativeTarget "NitroUITests" */;
			buildPhases = (
				7B0B1326A2A85F8997DB4E34 /* [CP] Check Pods Manifest.lock */,
				AA1B53D82196EEBB00941DF6 /* Sources */,
				AA1B53D92196EEBB00941DF6 /* Frameworks */,
				AA1B53DA2196EEBB00941DF6 /* Resources */,
			);
			buildRules = (
			);
			dependencies = (
				AA1B53DE2196EEBB00941DF6 /* PBXTargetDependency */,
			);
			name = NitroUITests;
			productName = NitroUITests;
			productReference = AA1B53DC2196EEBB00941DF6 /* NitroUITests.xctest */;
			productType = "com.apple.product-type.bundle.ui-testing";
		};
/* End PBXNativeTarget section */

/* Begin PBXProject section */
		AA1B53B52196EEBA00941DF6 /* Project object */ = {
			isa = PBXProject;
			attributes = {
				KnownAssetTags = (
					AnmeldungFehleschlagen,
				);
				LastSwiftUpdateCheck = 1010;
				LastUpgradeCheck = 1010;
				ORGANIZATIONNAME = "Christian Baltzer";
				TargetAttributes = {
					AA1B53BC2196EEBA00941DF6 = {
						CreatedOnToolsVersion = 10.1;
						SystemCapabilities = {
							com.apple.BackgroundModes = {
								enabled = 1;
							};
							com.apple.DataProtection = {
								enabled = 1;
							};
							com.apple.Maps.iOS = {
								enabled = 1;
							};
							com.apple.NearFieldCommunicationTagReading = {
								enabled = 1;
							};
							com.apple.Push = {
								enabled = 1;
							};
						};
					};
					AA1B53D02196EEBB00941DF6 = {
						CreatedOnToolsVersion = 10.1;
						TestTargetID = AA1B53BC2196EEBA00941DF6;
					};
					AA1B53DB2196EEBB00941DF6 = {
						CreatedOnToolsVersion = 10.1;
						TestTargetID = AA1B53BC2196EEBA00941DF6;
					};
				};
			};
			buildConfigurationList = AA1B53B82196EEBA00941DF6 /* Build configuration list for PBXProject "Nitro" */;
			compatibilityVersion = "Xcode 9.3";
			developmentRegion = en;
			hasScannedForEncodings = 0;
			knownRegions = (
				en,
				Base,
			);
			mainGroup = AA1B53B42196EEBA00941DF6;
			productRefGroup = AA1B53BE2196EEBB00941DF6 /* Products */;
			projectDirPath = "";
			projectRoot = "";
			targets = (
				AA1B53BC2196EEBA00941DF6 /* Nitro */,
				AA1B53D02196EEBB00941DF6 /* NitroTests */,
				AA1B53DB2196EEBB00941DF6 /* NitroUITests */,
			);
		};
/* End PBXProject section */

/* Begin PBXResourcesBuildPhase section */
		AA1B53BB2196EEBA00941DF6 /* Resources */ = {
			isa = PBXResourcesBuildPhase;
			buildActionMask = 2147483647;
			files = (
				AA5907F521A30F1C00D8493F /* Stickers.xcstickers in Resources */,
				AA1B53CB2196EEBB00941DF6 /* LaunchScreen.storyboard in Resources */,
				AA08818921CAE75B00145E97 /* Einstellungen.txt in Resources */,
				AA1B53C82196EEBB00941DF6 /* Assets.xcassets in Resources */,
				AA6326B021CD53BF004321EC /* UniInfo.json in Resources */,
				AA575DFF21F7A36B00F954F6 /* MensaData.js in Resources */,
				AAA0F38121CE8C2C009B5F0C /* HochschullMap.json in Resources */,
				AA1B53C62196EEBB00941DF6 /* Main.storyboard in Resources */,
			);
			runOnlyForDeploymentPostprocessing = 0;
		};
		AA1B53CF2196EEBB00941DF6 /* Resources */ = {
			isa = PBXResourcesBuildPhase;
			buildActionMask = 2147483647;
			files = (
			);
			runOnlyForDeploymentPostprocessing = 0;
		};
		AA1B53DA2196EEBB00941DF6 /* Resources */ = {
			isa = PBXResourcesBuildPhase;
			buildActionMask = 2147483647;
			files = (
			);
			runOnlyForDeploymentPostprocessing = 0;
		};
/* End PBXResourcesBuildPhase section */

/* Begin PBXShellScriptBuildPhase section */
		00791CC9A747D24969946E78 /* [CP] Check Pods Manifest.lock */ = {
			isa = PBXShellScriptBuildPhase;
			buildActionMask = 2147483647;
			files = (
			);
			inputPaths = (
				"${PODS_PODFILE_DIR_PATH}/Podfile.lock",
				"${PODS_ROOT}/Manifest.lock",
			);
			name = "[CP] Check Pods Manifest.lock";
			outputPaths = (
				"$(DERIVED_FILE_DIR)/Pods-NitroTests-checkManifestLockResult.txt",
			);
			runOnlyForDeploymentPostprocessing = 0;
			shellPath = /bin/sh;
			shellScript = "diff \"${PODS_PODFILE_DIR_PATH}/Podfile.lock\" \"${PODS_ROOT}/Manifest.lock\" > /dev/null\nif [ $? != 0 ] ; then\n    # print error to STDERR\n    echo \"error: The sandbox is not in sync with the Podfile.lock. Run 'pod install' or update your CocoaPods installation.\" >&2\n    exit 1\nfi\n# This output is used by Xcode 'outputs' to avoid re-running this script phase.\necho \"SUCCESS\" > \"${SCRIPT_OUTPUT_FILE_0}\"\n";
			showEnvVarsInLog = 0;
		};
		008E1FDEECCD73EFCCB63E77 /* [CP] Embed Pods Frameworks */ = {
			isa = PBXShellScriptBuildPhase;
			buildActionMask = 2147483647;
			files = (
			);
			inputPaths = (
				"${SRCROOT}/Pods/Target Support Files/Pods-Nitro/Pods-Nitro-frameworks.sh",
				"${BUILT_PRODUCTS_DIR}/Alamofire/Alamofire.framework",
				"${BUILT_PRODUCTS_DIR}/Erik/Erik.framework",
				"${BUILT_PRODUCTS_DIR}/FeedKit/FeedKit.framework",
				"${BUILT_PRODUCTS_DIR}/Kanna/Kanna.framework",
				"${BUILT_PRODUCTS_DIR}/Proposer/Proposer.framework",
				"${BUILT_PRODUCTS_DIR}/ReachabilitySwift/Reachability.framework",
				"${BUILT_PRODUCTS_DIR}/SideMenu/SideMenu.framework",
				"${BUILT_PRODUCTS_DIR}/SwiftScanner/SwiftScanner.framework",
				"${BUILT_PRODUCTS_DIR}/SwiftSoup/SwiftSoup.framework",
				"${BUILT_PRODUCTS_DIR}/TransitionButton/TransitionButton.framework",
			);
			name = "[CP] Embed Pods Frameworks";
			outputPaths = (
				"${TARGET_BUILD_DIR}/${FRAMEWORKS_FOLDER_PATH}/Alamofire.framework",
				"${TARGET_BUILD_DIR}/${FRAMEWORKS_FOLDER_PATH}/Erik.framework",
				"${TARGET_BUILD_DIR}/${FRAMEWORKS_FOLDER_PATH}/FeedKit.framework",
				"${TARGET_BUILD_DIR}/${FRAMEWORKS_FOLDER_PATH}/Kanna.framework",
				"${TARGET_BUILD_DIR}/${FRAMEWORKS_FOLDER_PATH}/Proposer.framework",
				"${TARGET_BUILD_DIR}/${FRAMEWORKS_FOLDER_PATH}/Reachability.framework",
				"${TARGET_BUILD_DIR}/${FRAMEWORKS_FOLDER_PATH}/SideMenu.framework",
				"${TARGET_BUILD_DIR}/${FRAMEWORKS_FOLDER_PATH}/SwiftScanner.framework",
				"${TARGET_BUILD_DIR}/${FRAMEWORKS_FOLDER_PATH}/SwiftSoup.framework",
				"${TARGET_BUILD_DIR}/${FRAMEWORKS_FOLDER_PATH}/TransitionButton.framework",
			);
			runOnlyForDeploymentPostprocessing = 0;
			shellPath = /bin/sh;
			shellScript = "\"${SRCROOT}/Pods/Target Support Files/Pods-Nitro/Pods-Nitro-frameworks.sh\"\n";
			showEnvVarsInLog = 0;
		};
		762A6DFBDBC7CEA96784E397 /* [CP] Check Pods Manifest.lock */ = {
			isa = PBXShellScriptBuildPhase;
			buildActionMask = 2147483647;
			files = (
			);
			inputPaths = (
				"${PODS_PODFILE_DIR_PATH}/Podfile.lock",
				"${PODS_ROOT}/Manifest.lock",
			);
			name = "[CP] Check Pods Manifest.lock";
			outputPaths = (
				"$(DERIVED_FILE_DIR)/Pods-Nitro-checkManifestLockResult.txt",
			);
			runOnlyForDeploymentPostprocessing = 0;
			shellPath = /bin/sh;
			shellScript = "diff \"${PODS_PODFILE_DIR_PATH}/Podfile.lock\" \"${PODS_ROOT}/Manifest.lock\" > /dev/null\nif [ $? != 0 ] ; then\n    # print error to STDERR\n    echo \"error: The sandbox is not in sync with the Podfile.lock. Run 'pod install' or update your CocoaPods installation.\" >&2\n    exit 1\nfi\n# This output is used by Xcode 'outputs' to avoid re-running this script phase.\necho \"SUCCESS\" > \"${SCRIPT_OUTPUT_FILE_0}\"\n";
			showEnvVarsInLog = 0;
		};
		7B0B1326A2A85F8997DB4E34 /* [CP] Check Pods Manifest.lock */ = {
			isa = PBXShellScriptBuildPhase;
			buildActionMask = 2147483647;
			files = (
			);
			inputPaths = (
				"${PODS_PODFILE_DIR_PATH}/Podfile.lock",
				"${PODS_ROOT}/Manifest.lock",
			);
			name = "[CP] Check Pods Manifest.lock";
			outputPaths = (
				"$(DERIVED_FILE_DIR)/Pods-NitroUITests-checkManifestLockResult.txt",
			);
			runOnlyForDeploymentPostprocessing = 0;
			shellPath = /bin/sh;
			shellScript = "diff \"${PODS_PODFILE_DIR_PATH}/Podfile.lock\" \"${PODS_ROOT}/Manifest.lock\" > /dev/null\nif [ $? != 0 ] ; then\n    # print error to STDERR\n    echo \"error: The sandbox is not in sync with the Podfile.lock. Run 'pod install' or update your CocoaPods installation.\" >&2\n    exit 1\nfi\n# This output is used by Xcode 'outputs' to avoid re-running this script phase.\necho \"SUCCESS\" > \"${SCRIPT_OUTPUT_FILE_0}\"\n";
			showEnvVarsInLog = 0;
		};
		AA0D97B821BF130900965450 /* ShellScript */ = {
			isa = PBXShellScriptBuildPhase;
			buildActionMask = 2147483647;
			files = (
			);
			inputPaths = (
			);
			outputPaths = (
			);
			runOnlyForDeploymentPostprocessing = 0;
			shellPath = /bin/sh;
			shellScript = "
";
		};
/* End PBXShellScriptBuildPhase section */

/* Begin PBXSourcesBuildPhase section */
		AA1B53B92196EEBA00941DF6 /* Sources */ = {
			isa = PBXSourcesBuildPhase;
			buildActionMask = 2147483647;
			files = (
				AA7F407821D78E2600F6E3F5 /* Weather.swift in Sources */,
				AA4C4F0921C0FB3C000B5BCC /* Mensa.swift in Sources */,
				AA8FE06521A352D50066338D /* Sicherheits_Abfrage.swift in Sources */,
				AA8E661B21C0135900929FE8 /* Map.swift in Sources */,
				AA8E662321C036E900929FE8 /* Places.swift in Sources */,
				AA4618D321D2590A00084872 /* AKKInfos.swift in Sources */,
				AA4618D121D2561400084872 /* FachbereichsInfos.swift in Sources */,
				AA7285962207028B00886149 /* HardCodedVar-Funktionen.swift in Sources */,
				AA74A2C721E51BAC000AFA39 /* InfosLoader.swift in Sources */,
				AA635E3D21AC2610002ED75C /* Einstellungen.swift in Sources */,
				AA74A2C921E51DE3000AFA39 /* KategorienAuflistung.swift in Sources */,
				AA8FE06921A3649D0066338D /* HardCodedVar.swift in Sources */,
				AAADD09321DEA2CD0012B649 /* WeatherService.swift in Sources */,
				AA8FE06721A352EE0066338D /* LoginScreen.swift in Sources */,
				AAAB860221D79F1200043A3B /* Reachability.swift in Sources */,
				AA4C4F0B21C11E9B000B5BCC /* Scrapper.swift in Sources */,
				AA5907F021A30C1400D8493F /* InfoAusgabe.swift in Sources */,
				AA575DFD21F79E6900F954F6 /* WeatherData.swift in Sources */,
				AA5907F321A30DE200D8493F /* Noten.xcdatamodeld in Sources */,
				AA5907EE21A30B5200D8493F /* HeaderAuflistung.swift in Sources */,
				AA1B53C32196EEBB00941DF6 /* ViewController.swift in Sources */,
				AAADD08921DE913D0012B649 /* FeedParser.swift in Sources */,
				AA8FE05F21A3310C0066338D /* LaunchController.swift in Sources */,
				AAA8F4E821D6C56E004B1DD1 /* RSS Auswahl Controller.swift in Sources */,
				AAADD08721DE90880012B649 /* NewsTableViewCell.swift in Sources */,
				AA1B53C12196EEBB00941DF6 /* AppDelegate.swift in Sources */,
			);
			runOnlyForDeploymentPostprocessing = 0;
		};
		AA1B53CD2196EEBB00941DF6 /* Sources */ = {
			isa = PBXSourcesBuildPhase;
			buildActionMask = 2147483647;
			files = (
				AA1B53D62196EEBB00941DF6 /* NitroTests.swift in Sources */,
			);
			runOnlyForDeploymentPostprocessing = 0;
		};
		AA1B53D82196EEBB00941DF6 /* Sources */ = {
			isa = PBXSourcesBuildPhase;
			buildActionMask = 2147483647;
			files = (
				AA1B53E12196EEBB00941DF6 /* NitroUITests.swift in Sources */,
			);
			runOnlyForDeploymentPostprocessing = 0;
		};
/* End PBXSourcesBuildPhase section */

/* Begin PBXTargetDependency section */
		AA1B53D32196EEBB00941DF6 /* PBXTargetDependency */ = {
			isa = PBXTargetDependency;
			target = AA1B53BC2196EEBA00941DF6 /* Nitro */;
			targetProxy = AA1B53D22196EEBB00941DF6 /* PBXContainerItemProxy */;
		};
		AA1B53DE2196EEBB00941DF6 /* PBXTargetDependency */ = {
			isa = PBXTargetDependency;
			target = AA1B53BC2196EEBA00941DF6 /* Nitro */;
			targetProxy = AA1B53DD2196EEBB00941DF6 /* PBXContainerItemProxy */;
		};
/* End PBXTargetDependency section */

/* Begin PBXVariantGroup section */
		AA1B53C42196EEBB00941DF6 /* Main.storyboard */ = {
			isa = PBXVariantGroup;
			children = (
				AA1B53C52196EEBB00941DF6 /* Base */,
			);
			name = Main.storyboard;
			sourceTree = "<group>";
		};
		AA1B53C92196EEBB00941DF6 /* LaunchScreen.storyboard */ = {
			isa = PBXVariantGroup;
			children = (
				AA1B53CA2196EEBB00941DF6 /* Base */,
			);
			name = LaunchScreen.storyboard;
			sourceTree = "<group>";
		};
/* End PBXVariantGroup section */

/* Begin XCBuildConfiguration section */
		AA1B53E32196EEBB00941DF6 /* Debug */ = {
			isa = XCBuildConfiguration;
			buildSettings = {
				ALWAYS_SEARCH_USER_PATHS = NO;
				CLANG_ANALYZER_NONNULL = YES;
				CLANG_ANALYZER_NUMBER_OBJECT_CONVERSION = YES_AGGRESSIVE;
				CLANG_CXX_LANGUAGE_STANDARD = "gnu++14";
				CLANG_CXX_LIBRARY = "libc++";
				CLANG_ENABLE_MODULES = YES;
				CLANG_ENABLE_OBJC_ARC = YES;
				CLANG_ENABLE_OBJC_WEAK = YES;
				CLANG_WARN_BLOCK_CAPTURE_AUTORELEASING = YES;
				CLANG_WARN_BOOL_CONVERSION = YES;
				CLANG_WARN_COMMA = YES;
				CLANG_WARN_CONSTANT_CONVERSION = YES;
				CLANG_WARN_DEPRECATED_OBJC_IMPLEMENTATIONS = YES;
				CLANG_WARN_DIRECT_OBJC_ISA_USAGE = YES_ERROR;
				CLANG_WARN_DOCUMENTATION_COMMENTS = YES;
				CLANG_WARN_EMPTY_BODY = YES;
				CLANG_WARN_ENUM_CONVERSION = YES;
				CLANG_WARN_INFINITE_RECURSION = YES;
				CLANG_WARN_INT_CONVERSION = YES;
				CLANG_WARN_NON_LITERAL_NULL_CONVERSION = YES;
				CLANG_WARN_OBJC_IMPLICIT_RETAIN_SELF = YES;
				CLANG_WARN_OBJC_LITERAL_CONVERSION = YES;
				CLANG_WARN_OBJC_ROOT_CLASS = YES_ERROR;
				CLANG_WARN_RANGE_LOOP_ANALYSIS = YES;
				CLANG_WARN_STRICT_PROTOTYPES = YES;
				CLANG_WARN_SUSPICIOUS_MOVE = YES;
				CLANG_WARN_UNGUARDED_AVAILABILITY = YES_AGGRESSIVE;
				CLANG_WARN_UNREACHABLE_CODE = YES;
				CLANG_WARN__DUPLICATE_METHOD_MATCH = YES;
				CODE_SIGN_IDENTITY = "iPhone Developer";
				COPY_PHASE_STRIP = NO;
				DEBUG_INFORMATION_FORMAT = dwarf;
				ENABLE_STRICT_OBJC_MSGSEND = YES;
				ENABLE_TESTABILITY = YES;
				GCC_C_LANGUAGE_STANDARD = gnu11;
				GCC_DYNAMIC_NO_PIC = NO;
				GCC_NO_COMMON_BLOCKS = YES;
				GCC_OPTIMIZATION_LEVEL = 0;
				GCC_PREPROCESSOR_DEFINITIONS = (
					"DEBUG=1",
					"$(inherited)",
				);
				GCC_WARN_64_TO_32_BIT_CONVERSION = YES;
				GCC_WARN_ABOUT_RETURN_TYPE = YES_ERROR;
				GCC_WARN_UNDECLARED_SELECTOR = YES;
				GCC_WARN_UNINITIALIZED_AUTOS = YES_AGGRESSIVE;
				GCC_WARN_UNUSED_FUNCTION = YES;
				GCC_WARN_UNUSED_VARIABLE = YES;
				IPHONEOS_DEPLOYMENT_TARGET = 12.1;
				MTL_ENABLE_DEBUG_INFO = INCLUDE_SOURCE;
				MTL_FAST_MATH = YES;
				ONLY_ACTIVE_ARCH = YES;
				SDKROOT = iphoneos;
				SWIFT_ACTIVE_COMPILATION_CONDITIONS = DEBUG;
				SWIFT_OPTIMIZATION_LEVEL = "-Onone";
			};
			name = Debug;
		};
		AA1B53E42196EEBB00941DF6 /* Release */ = {
			isa = XCBuildConfiguration;
			buildSettings = {
				ALWAYS_SEARCH_USER_PATHS = NO;
				CLANG_ANALYZER_NONNULL = YES;
				CLANG_ANALYZER_NUMBER_OBJECT_CONVERSION = YES_AGGRESSIVE;
				CLANG_CXX_LANGUAGE_STANDARD = "gnu++14";
				CLANG_CXX_LIBRARY = "libc++";
				CLANG_ENABLE_MODULES = YES;
				CLANG_ENABLE_OBJC_ARC = YES;
				CLANG_ENABLE_OBJC_WEAK = YES;
				CLANG_WARN_BLOCK_CAPTURE_AUTORELEASING = YES;
				CLANG_WARN_BOOL_CONVERSION = YES;
				CLANG_WARN_COMMA = YES;
				CLANG_WARN_CONSTANT_CONVERSION = YES;
				CLANG_WARN_DEPRECATED_OBJC_IMPLEMENTATIONS = YES;
				CLANG_WARN_DIRECT_OBJC_ISA_USAGE = YES_ERROR;
				CLANG_WARN_DOCUMENTATION_COMMENTS = YES;
				CLANG_WARN_EMPTY_BODY = YES;
				CLANG_WARN_ENUM_CONVERSION = YES;
				CLANG_WARN_INFINITE_RECURSION = YES;
				CLANG_WARN_INT_CONVERSION = YES;
				CLANG_WARN_NON_LITERAL_NULL_CONVERSION = YES;
				CLANG_WARN_OBJC_IMPLICIT_RETAIN_SELF = YES;
				CLANG_WARN_OBJC_LITERAL_CONVERSION = YES;
				CLANG_WARN_OBJC_ROOT_CLASS = YES_ERROR;
				CLANG_WARN_RANGE_LOOP_ANALYSIS = YES;
				CLANG_WARN_STRICT_PROTOTYPES = YES;
				CLANG_WARN_SUSPICIOUS_MOVE = YES;
				CLANG_WARN_UNGUARDED_AVAILABILITY = YES_AGGRESSIVE;
				CLANG_WARN_UNREACHABLE_CODE = YES;
				CLANG_WARN__DUPLICATE_METHOD_MATCH = YES;
				CODE_SIGN_IDENTITY = "iPhone Developer";
				COPY_PHASE_STRIP = NO;
				DEBUG_INFORMATION_FORMAT = "dwarf-with-dsym";
				ENABLE_NS_ASSERTIONS = NO;
				ENABLE_STRICT_OBJC_MSGSEND = YES;
				GCC_C_LANGUAGE_STANDARD = gnu11;
				GCC_NO_COMMON_BLOCKS = YES;
				GCC_WARN_64_TO_32_BIT_CONVERSION = YES;
				GCC_WARN_ABOUT_RETURN_TYPE = YES_ERROR;
				GCC_WARN_UNDECLARED_SELECTOR = YES;
				GCC_WARN_UNINITIALIZED_AUTOS = YES_AGGRESSIVE;
				GCC_WARN_UNUSED_FUNCTION = YES;
				GCC_WARN_UNUSED_VARIABLE = YES;
				IPHONEOS_DEPLOYMENT_TARGET = 12.1;
				MTL_ENABLE_DEBUG_INFO = NO;
				MTL_FAST_MATH = YES;
				SDKROOT = iphoneos;
				SWIFT_COMPILATION_MODE = wholemodule;
				SWIFT_OPTIMIZATION_LEVEL = "-O";
				VALIDATE_PRODUCT = YES;
			};
			name = Release;
		};
		AA1B53E62196EEBB00941DF6 /* Debug */ = {
			isa = XCBuildConfiguration;
			baseConfigurationReference = 9A712DD296FDE2799BB21737 /* Pods-Nitro.debug.xcconfig */;
			buildSettings = {
				ASSETCATALOG_COMPILER_APPICON_NAME = AppIcon;
				CODE_SIGN_ENTITLEMENTS = Nitro/Nitro.entitlements;
				CODE_SIGN_STYLE = Automatic;
				DEVELOPMENT_TEAM = QHAK8XB995;
				INFOPLIST_FILE = Nitro/Info.plist;
				LD_RUNPATH_SEARCH_PATHS = (
					"$(inherited)",
					"@executable_path/Frameworks",
				);
				PRODUCT_BUNDLE_IDENTIFIER = Darker.Nitro;
				PRODUCT_NAME = "$(TARGET_NAME)";
				SWIFT_VERSION = 4.2;
				TARGETED_DEVICE_FAMILY = "1,2";
			};
			name = Debug;
		};
		AA1B53E72196EEBB00941DF6 /* Release */ = {
			isa = XCBuildConfiguration;
			baseConfigurationReference = 8984F822381722AB744FDDDD /* Pods-Nitro.release.xcconfig */;
			buildSettings = {
				ASSETCATALOG_COMPILER_APPICON_NAME = AppIcon;
				CODE_SIGN_ENTITLEMENTS = Nitro/Nitro.entitlements;
				CODE_SIGN_STYLE = Automatic;
				DEVELOPMENT_TEAM = QHAK8XB995;
				INFOPLIST_FILE = Nitro/Info.plist;
				LD_RUNPATH_SEARCH_PATHS = (
					"$(inherited)",
					"@executable_path/Frameworks",
				);
				PRODUCT_BUNDLE_IDENTIFIER = Darker.Nitro;
				PRODUCT_NAME = "$(TARGET_NAME)";
				SWIFT_VERSION = 4.2;
				TARGETED_DEVICE_FAMILY = "1,2";
			};
			name = Release;
		};
		AA1B53E92196EEBB00941DF6 /* Debug */ = {
			isa = XCBuildConfiguration;
			baseConfigurationReference = EBA38DAA3463BFD9FF9DF890 /* Pods-NitroTests.debug.xcconfig */;
			buildSettings = {
				ALWAYS_EMBED_SWIFT_STANDARD_LIBRARIES = YES;
				BUNDLE_LOADER = "$(TEST_HOST)";
				CODE_SIGN_STYLE = Automatic;
				DEVELOPMENT_TEAM = QHAK8XB995;
				INFOPLIST_FILE = NitroTests/Info.plist;
				LD_RUNPATH_SEARCH_PATHS = (
					"$(inherited)",
					"@executable_path/Frameworks",
					"@loader_path/Frameworks",
				);
				PRODUCT_BUNDLE_IDENTIFIER = Darker.NitroTests;
				PRODUCT_NAME = "$(TARGET_NAME)";
				SWIFT_VERSION = 4.2;
				TARGETED_DEVICE_FAMILY = "1,2";
				TEST_HOST = "$(BUILT_PRODUCTS_DIR)/Nitro.app/Nitro";
			};
			name = Debug;
		};
		AA1B53EA2196EEBB00941DF6 /* Release */ = {
			isa = XCBuildConfiguration;
			baseConfigurationReference = DEF2FC5083A1C5072C944B4A /* Pods-NitroTests.release.xcconfig */;
			buildSettings = {
				ALWAYS_EMBED_SWIFT_STANDARD_LIBRARIES = YES;
				BUNDLE_LOADER = "$(TEST_HOST)";
				CODE_SIGN_STYLE = Automatic;
				DEVELOPMENT_TEAM = QHAK8XB995;
				INFOPLIST_FILE = NitroTests/Info.plist;
				LD_RUNPATH_SEARCH_PATHS = (
					"$(inherited)",
					"@executable_path/Frameworks",
					"@loader_path/Frameworks",
				);
				PRODUCT_BUNDLE_IDENTIFIER = Darker.NitroTests;
				PRODUCT_NAME = "$(TARGET_NAME)";
				SWIFT_VERSION = 4.2;
				TARGETED_DEVICE_FAMILY = "1,2";
				TEST_HOST = "$(BUILT_PRODUCTS_DIR)/Nitro.app/Nitro";
			};
			name = Release;
		};
		AA1B53EC2196EEBB00941DF6 /* Debug */ = {
			isa = XCBuildConfiguration;
			baseConfigurationReference = BE2FE831AF19C2CA14299DE2 /* Pods-NitroUITests.debug.xcconfig */;
			buildSettings = {
				ALWAYS_EMBED_SWIFT_STANDARD_LIBRARIES = YES;
				CODE_SIGN_STYLE = Automatic;
				DEVELOPMENT_TEAM = QHAK8XB995;
				INFOPLIST_FILE = NitroUITests/Info.plist;
				LD_RUNPATH_SEARCH_PATHS = (
					"$(inherited)",
					"@executable_path/Frameworks",
					"@loader_path/Frameworks",
				);
				PRODUCT_BUNDLE_IDENTIFIER = Darker.NitroUITests;
				PRODUCT_NAME = "$(TARGET_NAME)";
				SWIFT_VERSION = 4.2;
				TARGETED_DEVICE_FAMILY = "1,2";
				TEST_TARGET_NAME = Nitro;
			};
			name = Debug;
		};
		AA1B53ED2196EEBB00941DF6 /* Release */ = {
			isa = XCBuildConfiguration;
			baseConfigurationReference = 398D2648B8935D025F32FE9A /* Pods-NitroUITests.release.xcconfig */;
			buildSettings = {
				ALWAYS_EMBED_SWIFT_STANDARD_LIBRARIES = YES;
				CODE_SIGN_STYLE = Automatic;
				DEVELOPMENT_TEAM = QHAK8XB995;
				INFOPLIST_FILE = NitroUITests/Info.plist;
				LD_RUNPATH_SEARCH_PATHS = (
					"$(inherited)",
					"@executable_path/Frameworks",
					"@loader_path/Frameworks",
				);
				PRODUCT_BUNDLE_IDENTIFIER = Darker.NitroUITests;
				PRODUCT_NAME = "$(TARGET_NAME)";
				SWIFT_VERSION = 4.2;
				TARGETED_DEVICE_FAMILY = "1,2";
				TEST_TARGET_NAME = Nitro;
			};
			name = Release;
		};
/* End XCBuildConfiguration section */

/* Begin XCConfigurationList section */
		AA1B53B82196EEBA00941DF6 /* Build configuration list for PBXProject "Nitro" */ = {
			isa = XCConfigurationList;
			buildConfigurations = (
				AA1B53E32196EEBB00941DF6 /* Debug */,
				AA1B53E42196EEBB00941DF6 /* Release */,
			);
			defaultConfigurationIsVisible = 0;
			defaultConfigurationName = Release;
		};
		AA1B53E52196EEBB00941DF6 /* Build configuration list for PBXNativeTarget "Nitro" */ = {
			isa = XCConfigurationList;
			buildConfigurations = (
				AA1B53E62196EEBB00941DF6 /* Debug */,
				AA1B53E72196EEBB00941DF6 /* Release */,
			);
			defaultConfigurationIsVisible = 0;
			defaultConfigurationName = Release;
		};
		AA1B53E82196EEBB00941DF6 /* Build configuration list for PBXNativeTarget "NitroTests" */ = {
			isa = XCConfigurationList;
			buildConfigurations = (
				AA1B53E92196EEBB00941DF6 /* Debug */,
				AA1B53EA2196EEBB00941DF6 /* Release */,
			);
			defaultConfigurationIsVisible = 0;
			defaultConfigurationName = Release;
		};
		AA1B53EB2196EEBB00941DF6 /* Build configuration list for PBXNativeTarget "NitroUITests" */ = {
			isa = XCConfigurationList;
			buildConfigurations = (
				AA1B53EC2196EEBB00941DF6 /* Debug */,
				AA1B53ED2196EEBB00941DF6 /* Release */,
			);
			defaultConfigurationIsVisible = 0;
			defaultConfigurationName = Release;
		};
/* End XCConfigurationList section */

/* Begin XCVersionGroup section */
		AA5907F121A30DE200D8493F /* Noten.xcdatamodeld */ = {
			isa = XCVersionGroup;
			children = (
				AA5907F221A30DE200D8493F /* Noten.xcdatamodel */,
			);
			currentVersion = AA5907F221A30DE200D8493F /* Noten.xcdatamodel */;
			path = Noten.xcdatamodeld;
			sourceTree = "<group>";
			versionGroupType = wrapper.xcdatamodel;
		};
/* End XCVersionGroup section */
	};
	rootObject = AA1B53B52196EEBA00941DF6 /* Project object */;
}
